// !$*UTF8*$!
{
	archiveVersion = 1;
	classes = {
	};
	objectVersion = 46;
	objects = {

/* Begin PBXBuildFile section */
		487835931B3B91E700BC911B /* AppDelegate.swift in Sources */ = {isa = PBXBuildFile; fileRef = 487835921B3B91E700BC911B /* AppDelegate.swift */; };
		487835951B3B91E700BC911B /* ViewController.swift in Sources */ = {isa = PBXBuildFile; fileRef = 487835941B3B91E700BC911B /* ViewController.swift */; };
		487835971B3B91E700BC911B /* Images.xcassets in Resources */ = {isa = PBXBuildFile; fileRef = 487835961B3B91E700BC911B /* Images.xcassets */; };
		4878359A1B3B91E700BC911B /* Main.storyboard in Resources */ = {isa = PBXBuildFile; fileRef = 487835981B3B91E700BC911B /* Main.storyboard */; };
		487835A61B3B91E700BC911B /* QuickMenuTests.swift in Sources */ = {isa = PBXBuildFile; fileRef = 487835A51B3B91E700BC911B /* QuickMenuTests.swift */; };
/* End PBXBuildFile section */

/* Begin PBXContainerItemProxy section */
		487835A01B3B91E700BC911B /* PBXContainerItemProxy */ = {
			isa = PBXContainerItemProxy;
			containerPortal = 487835851B3B91E600BC911B /* Project object */;
			proxyType = 1;
			remoteGlobalIDString = 4878358C1B3B91E700BC911B;
			remoteInfo = QuickMenu;
		};
/* End PBXContainerItemProxy section */

/* Begin PBXFileReference section */
		4878358D1B3B91E700BC911B /* QuickMenu.app */ = {isa = PBXFileReference; explicitFileType = wrapper.application; includeInIndex = 0; path = QuickMenu.app; sourceTree = BUILT_PRODUCTS_DIR; };
		487835911B3B91E700BC911B /* Info.plist */ = {isa = PBXFileReference; lastKnownFileType = text.plist.xml; path = Info.plist; sourceTree = "<group>"; };
		487835921B3B91E700BC911B /* AppDelegate.swift */ = {isa = PBXFileReference; lastKnownFileType = sourcecode.swift; path = AppDelegate.swift; sourceTree = "<group>"; };
		487835941B3B91E700BC911B /* ViewController.swift */ = {isa = PBXFileReference; lastKnownFileType = sourcecode.swift; path = ViewController.swift; sourceTree = "<group>"; };
		487835961B3B91E700BC911B /* Images.xcassets */ = {isa = PBXFileReference; lastKnownFileType = folder.assetcatalog; path = Images.xcassets; sourceTree = "<group>"; };
		487835991B3B91E700BC911B /* Base */ = {isa = PBXFileReference; lastKnownFileType = file.storyboard; name = Base; path = Base.lproj/Main.storyboard; sourceTree = "<group>"; };
		4878359F1B3B91E700BC911B /* QuickMenuTests.xctest */ = {isa = PBXFileReference; explicitFileType = wrapper.cfbundle; includeInIndex = 0; path = QuickMenuTests.xctest; sourceTree = BUILT_PRODUCTS_DIR; };
		487835A41B3B91E700BC911B /* Info.plist */ = {isa = PBXFileReference; lastKnownFileType = text.plist.xml; path = Info.plist; sourceTree = "<group>"; };
		487835A51B3B91E700BC911B /* QuickMenuTests.swift */ = {isa = PBXFileReference; lastKnownFileType = sourcecode.swift; path = QuickMenuTests.swift; sourceTree = "<group>"; };
/* End PBXFileReference section */

/* Begin PBXFrameworksBuildPhase section */
		4878358A1B3B91E700BC911B /* Frameworks */ = {
			isa = PBXFrameworksBuildPhase;
			buildActionMask = 2147483647;
			files = (
			);
			runOnlyForDeploymentPostprocessing = 0;
		};
		4878359C1B3B91E700BC911B /* Frameworks */ = {
			isa = PBXFrameworksBuildPhase;
			buildActionMask = 2147483647;
			files = (
			);
			runOnlyForDeploymentPostprocessing = 0;
		};
/* End PBXFrameworksBuildPhase section */

/* Begin PBXGroup section */
		487835841B3B91E600BC911B = {
			isa = PBXGroup;
			children = (
				4878358F1B3B91E700BC911B /* QuickMenu */,
				487835A21B3B91E700BC911B /* QuickMenuTests */,
				4878358E1B3B91E700BC911B /* Products */,
			);
			sourceTree = "<group>";
		};
		4878358E1B3B91E700BC911B /* Products */ = {
			isa = PBXGroup;
			children = (
				4878358D1B3B91E700BC911B /* QuickMenu.app */,
				4878359F1B3B91E700BC911B /* QuickMenuTests.xctest */,
			);
			name = Products;
			sourceTree = "<group>";
		};
		4878358F1B3B91E700BC911B /* QuickMenu */ = {
			isa = PBXGroup;
			children = (
				487835921B3B91E700BC911B /* AppDelegate.swift */,
				487835941B3B91E700BC911B /* ViewController.swift */,
				487835961B3B91E700BC911B /* Images.xcassets */,
				487835981B3B91E700BC911B /* Main.storyboard */,
				487835901B3B91E700BC911B /* Supporting Files */,
			);
			path = QuickMenu;
			sourceTree = "<group>";
		};
		487835901B3B91E700BC911B /* Supporting Files */ = {
			isa = PBXGroup;
			children = (
				487835911B3B91E700BC911B /* Info.plist */,
			);
			name = "Supporting Files";
			sourceTree = "<group>";
		};
		487835A21B3B91E700BC911B /* QuickMenuTests */ = {
			isa = PBXGroup;
			children = (
				487835A51B3B91E700BC911B /* QuickMenuTests.swift */,
				487835A31B3B91E700BC911B /* Supporting Files */,
			);
			path = QuickMenuTests;
			sourceTree = "<group>";
		};
		487835A31B3B91E700BC911B /* Supporting Files */ = {
			isa = PBXGroup;
			children = (
				487835A41B3B91E700BC911B /* Info.plist */,
			);
			name = "Supporting Files";
			sourceTree = "<group>";
		};
/* End PBXGroup section */

/* Begin PBXNativeTarget section */
		4878358C1B3B91E700BC911B /* QuickMenu */ = {
			isa = PBXNativeTarget;
			buildConfigurationList = 487835A91B3B91E700BC911B /* Build configuration list for PBXNativeTarget "QuickMenu" */;
			buildPhases = (
				487835891B3B91E700BC911B /* Sources */,
				4878358A1B3B91E700BC911B /* Frameworks */,
				4878358B1B3B91E700BC911B /* Resources */,
			);
			buildRules = (
			);
			dependencies = (
			);
			name = QuickMenu;
			productName = QuickMenu;
			productReference = 4878358D1B3B91E700BC911B /* QuickMenu.app */;
			productType = "com.apple.product-type.application";
		};
		4878359E1B3B91E700BC911B /* QuickMenuTests */ = {
			isa = PBXNativeTarget;
			buildConfigurationList = 487835AC1B3B91E700BC911B /* Build configuration list for PBXNativeTarget "QuickMenuTests" */;
			buildPhases = (
				4878359B1B3B91E700BC911B /* Sources */,
				4878359C1B3B91E700BC911B /* Frameworks */,
				4878359D1B3B91E700BC911B /* Resources */,
			);
			buildRules = (
			);
			dependencies = (
				487835A11B3B91E700BC911B /* PBXTargetDependency */,
			);
			name = QuickMenuTests;
			productName = QuickMenuTests;
			productReference = 4878359F1B3B91E700BC911B /* QuickMenuTests.xctest */;
			productType = "com.apple.product-type.bundle.unit-test";
		};
/* End PBXNativeTarget section */

/* Begin PBXProject section */
		487835851B3B91E600BC911B /* Project object */ = {
			isa = PBXProject;
			attributes = {
				LastUpgradeCheck = 0630;
				ORGANIZATIONNAME = Codjax;
				TargetAttributes = {
					4878358C1B3B91E700BC911B = {
						CreatedOnToolsVersion = 6.3.2;
					};
					4878359E1B3B91E700BC911B = {
						CreatedOnToolsVersion = 6.3.2;
						TestTargetID = 4878358C1B3B91E700BC911B;
					};
				};
			};
			buildConfigurationList = 487835881B3B91E600BC911B /* Build configuration list for PBXProject "QuickMenu" */;
			compatibilityVersion = "Xcode 3.2";
			developmentRegion = English;
			hasScannedForEncodings = 0;
			knownRegions = (
				en,
				Base,
			);
			mainGroup = 487835841B3B91E600BC911B;
			productRefGroup = 4878358E1B3B91E700BC911B /* Products */;
			projectDirPath = "";
			projectRoot = "";
			targets = (
				4878358C1B3B91E700BC911B /* QuickMenu */,
				4878359E1B3B91E700BC911B /* QuickMenuTests */,
			);
		};
/* End PBXProject section */

/* Begin PBXResourcesBuildPhase section */
		4878358B1B3B91E700BC911B /* Resources */ = {
			isa = PBXResourcesBuildPhase;
			buildActionMask = 2147483647;
			files = (
				487835971B3B91E700BC911B /* Images.xcassets in Resources */,
				4878359A1B3B91E700BC911B /* Main.storyboard in Resources */,
			);
			runOnlyForDeploymentPostprocessing = 0;
		};
		4878359D1B3B91E700BC911B /* Resources */ = {
			isa = PBXResourcesBuildPhase;
			buildActionMask = 2147483647;
			files = (
			);
			runOnlyForDeploymentPostprocessing = 0;
		};
/* End PBXResourcesBuildPhase section */

/* Begin PBXSourcesBuildPhase section */
		487835891B3B91E700BC911B /* Sources */ = {
			isa = PBXSourcesBuildPhase;
			buildActionMask = 2147483647;
			files = (
				487835951B3B91E700BC911B /* ViewController.swift in Sources */,
				487835931B3B91E700BC911B /* AppDelegate.swift in Sources */,
			);
			runOnlyForDeploymentPostprocessing = 0;
		};
		4878359B1B3B91E700BC911B /* Sources */ = {
			isa = PBXSourcesBuildPhase;
			buildActionMask = 2147483647;
			files = (
				487835A61B3B91E700BC911B /* QuickMenuTests.swift in Sources */,
			);
			runOnlyForDeploymentPostprocessing = 0;
		};
/* End PBXSourcesBuildPhase section */

/* Begin PBXTargetDependency section */
		487835A11B3B91E700BC911B /* PBXTargetDependency */ = {
			isa = PBXTargetDependency;
			target = 4878358C1B3B91E700BC911B /* QuickMenu */;
			targetProxy = 487835A01B3B91E700BC911B /* PBXContainerItemProxy */;
		};
/* End PBXTargetDependency section */

/* Begin PBXVariantGroup section */
		487835981B3B91E700BC911B /* Main.storyboard */ = {
			isa = PBXVariantGroup;
			children = (
				487835991B3B91E700BC911B /* Base */,
			);
			name = Main.storyboard;
			sourceTree = "<group>";
		};
/* End PBXVariantGroup section */

/* Begin XCBuildConfiguration section */
		487835A71B3B91E700BC911B /* Debug */ = {
			isa = XCBuildConfiguration;
			buildSettings = {
				ALWAYS_SEARCH_USER_PATHS = NO;
				CLANG_CXX_LANGUAGE_STANDARD = "gnu++0x";
				CLANG_CXX_LIBRARY = "libc++";
				CLANG_ENABLE_MODULES = YES;
				CLANG_ENABLE_OBJC_ARC = YES;
				CLANG_WARN_BOOL_CONVERSION = YES;
				CLANG_WARN_CONSTANT_CONVERSION = YES;
				CLANG_WARN_DIRECT_OBJC_ISA_USAGE = YES_ERROR;
				CLANG_WARN_EMPTY_BODY = YES;
				CLANG_WARN_ENUM_CONVERSION = YES;
				CLANG_WARN_INT_CONVERSION = YES;
				CLANG_WARN_OBJC_ROOT_CLASS = YES_ERROR;
				CLANG_WARN_UNREACHABLE_CODE = YES;
				CLANG_WARN__DUPLICATE_METHOD_MATCH = YES;
				CODE_SIGN_IDENTITY = "-";
				COPY_PHASE_STRIP = NO;
				DEBUG_INFORMATION_FORMAT = dwarf;
				ENABLE_STRICT_OBJC_MSGSEND = YES;
				GCC_C_LANGUAGE_STANDARD = gnu99;
				GCC_DYNAMIC_NO_PIC = NO;
				GCC_NO_COMMON_BLOCKS = YES;
				GCC_OPTIMIZATION_LEVEL = 0;
				GCC_PREPROCESSOR_DEFINITIONS = (
					"DEBUG=1",
					"$(inherited)",
				);
				GCC_SYMBOLS_PRIVATE_EXTERN = NO;
				GCC_WARN_64_TO_32_BIT_CONVERSION = YES;
				GCC_WARN_ABOUT_RETURN_TYPE = YES_ERROR;
				GCC_WARN_UNDECLARED_SELECTOR = YES;
				GCC_WARN_UNINITIALIZED_AUTOS = YES_AGGRESSIVE;
				GCC_WARN_UNUSED_FUNCTION = YES;
				GCC_WARN_UNUSED_VARIABLE = YES;
				MACOSX_DEPLOYMENT_TARGET = 10.10;
				MTL_ENABLE_DEBUG_INFO = YES;
				ONLY_ACTIVE_ARCH = YES;
				SDKROOT = macosx;
				SWIFT_OPTIMIZATION_LEVEL = "-Onone";
			};
			name = Debug;
		};
		487835A81B3B91E700BC911B /* Release */ = {
			isa = XCBuildConfiguration;
			buildSettings = {
				ALWAYS_SEARCH_USER_PATHS = NO;
				CLANG_CXX_LANGUAGE_STANDARD = "gnu++0x";
				CLANG_CXX_LIBRARY = "libc++";
				CLANG_ENABLE_MODULES = YES;
				CLANG_ENABLE_OBJC_ARC = YES;
				CLANG_WARN_BOOL_CONVERSION = YES;
				CLANG_WARN_CONSTANT_CONVERSION = YES;
				CLANG_WARN_DIRECT_OBJC_ISA_USAGE = YES_ERROR;
				CLANG_WARN_EMPTY_BODY = YES;
				CLANG_WARN_ENUM_CONVERSION = YES;
				CLANG_WARN_INT_CONVERSION = YES;
				CLANG_WARN_OBJC_ROOT_CLASS = YES_ERROR;
				CLANG_WARN_UNREACHABLE_CODE = YES;
				CLANG_WARN__DUPLICATE_METHOD_MATCH = YES;
				CODE_SIGN_IDENTITY = "-";
				COPY_PHASE_STRIP = NO;
				DEBUG_INFORMATION_FORMAT = "dwarf-with-dsym";
				ENABLE_NS_ASSERTIONS = NO;
				ENABLE_STRICT_OBJC_MSGSEND = YES;
				GCC_C_LANGUAGE_STANDARD = gnu99;
				GCC_NO_COMMON_BLOCKS = YES;
				GCC_WARN_64_TO_32_BIT_CONVERSION = YES;
				GCC_WARN_ABOUT_RETURN_TYPE = YES_ERROR;
				GCC_WARN_UNDECLARED_SELECTOR = YES;
				GCC_WARN_UNINITIALIZED_AUTOS = YES_AGGRESSIVE;
				GCC_WARN_UNUSED_FUNCTION = YES;
				GCC_WARN_UNUSED_VARIABLE = YES;
				MACOSX_DEPLOYMENT_TARGET = 10.10;
				MTL_ENABLE_DEBUG_INFO = NO;
				SDKROOT = macosx;
			};
			name = Release;
		};
		487835AA1B3B91E700BC911B /* Debug */ = {
			isa = XCBuildConfiguration;
			buildSettings = {
				ASSETCATALOG_COMPILER_APPICON_NAME = AppIcon;
				COMBINE_HIDPI_IMAGES = YES;
				INFOPLIST_FILE = QuickMenu/Info.plist;
				LD_RUNPATH_SEARCH_PATHS = "$(inherited) @executable_path/../Frameworks";
				PRODUCT_NAME = "$(TARGET_NAME)";
			};
			name = Debug;
		};
		487835AB1B3B91E700BC911B /* Release */ = {
			isa = XCBuildConfiguration;
			buildSettings = {
				ASSETCATALOG_COMPILER_APPICON_NAME = AppIcon;
				COMBINE_HIDPI_IMAGES = YES;
				INFOPLIST_FILE = QuickMenu/Info.plist;
				LD_RUNPATH_SEARCH_PATHS = "$(inherited) @executable_path/../Frameworks";
				PRODUCT_NAME = "$(TARGET_NAME)";
			};
			name = Release;
		};
		487835AD1B3B91E700BC911B /* Debug */ = {
			isa = XCBuildConfiguration;
			buildSettings = {
				BUNDLE_LOADER = "$(TEST_HOST)";
				COMBINE_HIDPI_IMAGES = YES;
				FRAMEWORK_SEARCH_PATHS = (
					"$(DEVELOPER_FRAMEWORKS_DIR)",
					"$(inherited)",
				);
				GCC_PREPROCESSOR_DEFINITIONS = (
					"DEBUG=1",
					"$(inherited)",
				);
				INFOPLIST_FILE = QuickMenuTests/Info.plist;
				LD_RUNPATH_SEARCH_PATHS = "$(inherited) @executable_path/../Frameworks @loader_path/../Frameworks";
				PRODUCT_NAME = "$(TARGET_NAME)";
				TEST_HOST = "$(BUILT_PRODUCTS_DIR)/QuickMenu.app/Contents/MacOS/QuickMenu";
			};
			name = Debug;
		};
		487835AE1B3B91E700BC911B /* Release */ = {
			isa = XCBuildConfiguration;
			buildSettings = {
				BUNDLE_LOADER = "$(TEST_HOST)";
				COMBINE_HIDPI_IMAGES = YES;
				FRAMEWORK_SEARCH_PATHS = (
					"$(DEVELOPER_FRAMEWORKS_DIR)",
					"$(inherited)",
				);
				INFOPLIST_FILE = QuickMenuTests/Info.plist;
				LD_RUNPATH_SEARCH_PATHS = "$(inherited) @executable_path/../Frameworks @loader_path/../Frameworks";
				PRODUCT_NAME = "$(TARGET_NAME)";
				TEST_HOST = "$(BUILT_PRODUCTS_DIR)/QuickMenu.app/Contents/MacOS/QuickMenu";
			};
			name = Release;
		};
/* End XCBuildConfiguration section */

/* Begin XCConfigurationList section */
		487835881B3B91E600BC911B /* Build configuration list for PBXProject "QuickMenu" */ = {
			isa = XCConfigurationList;
			buildConfigurations = (
				487835A71B3B91E700BC911B /* Debug */,
				487835A81B3B91E700BC911B /* Release */,
			);
			defaultConfigurationIsVisible = 0;
			defaultConfigurationName = Release;
		};
		487835A91B3B91E700BC911B /* Build configuration list for PBXNativeTarget "QuickMenu" */ = {
			isa = XCConfigurationList;
			buildConfigurations = (
				487835AA1B3B91E700BC911B /* Debug */,
				487835AB1B3B91E700BC911B /* Release */,
			);
			defaultConfigurationIsVisible = 0;
		};
		487835AC1B3B91E700BC911B /* Build configuration list for PBXNativeTarget "QuickMenuTests" */ = {
			isa = XCConfigurationList;
			buildConfigurations = (
				487835AD1B3B91E700BC911B /* Debug */,
				487835AE1B3B91E700BC911B /* Release */,
			);
			defaultConfigurationIsVisible = 0;
		};
/* End XCConfigurationList section */
	};
	rootObject = 487835851B3B91E600BC911B /* Project object */;
}
