// !$*UTF8*$!
{
	archiveVersion = 1;
	classes = {
	};
	objectVersion = 52;
	objects = {

/* Begin PBXBuildFile section */
		4843B26525873C690061C132 /* Preferences.swift in Sources */ = {isa = PBXBuildFile; fileRef = 4843B26425873C690061C132 /* Preferences.swift */; };
		484575F5254E91A1004CA196 /* ShortcutRecorder in Frameworks */ = {isa = PBXBuildFile; productRef = 484575F4254E91A1004CA196 /* ShortcutRecorder */; };
		484D31CF1F1371AF000A1EBA /* Trie.swift in Sources */ = {isa = PBXBuildFile; fileRef = 484D31CE1F1371AF000A1EBA /* Trie.swift */; };
		4853E21B1F37FA6900D96A08 /* MenuItemCommandTests.swift in Sources */ = {isa = PBXBuildFile; fileRef = 4853E21A1F37FA6900D96A08 /* MenuItemCommandTests.swift */; };
		4853E21F1F37FC6E00D96A08 /* AX.swift in Sources */ = {isa = PBXBuildFile; fileRef = 48C044D51D23B1DA00F49A94 /* AX.swift */; };
		4853E2211F37FC6E00D96A08 /* AXApplication.swift in Sources */ = {isa = PBXBuildFile; fileRef = 4875779B1B51E7B900339D78 /* AXApplication.swift */; };
		4853E2221F37FED900D96A08 /* MenuSearchViewController.swift in Sources */ = {isa = PBXBuildFile; fileRef = 487835941B3B91E700BC911B /* MenuSearchViewController.swift */; };
		4853E2231F37FF0100D96A08 /* MenuSearchWindow.swift in Sources */ = {isa = PBXBuildFile; fileRef = 486EED8D1B3D41C70092FFF8 /* MenuSearchWindow.swift */; };
		4853E2241F37FF0700D96A08 /* Trie.swift in Sources */ = {isa = PBXBuildFile; fileRef = 484D31CE1F1371AF000A1EBA /* Trie.swift */; };
		485F2B1E25C67ABC00464F81 /* Preferences.swift in Sources */ = {isa = PBXBuildFile; fileRef = 4843B26425873C690061C132 /* Preferences.swift */; };
		486DA97320172785007B5C7C /* HotKeyCenter.swift in Sources */ = {isa = PBXBuildFile; fileRef = 486DA97220172785007B5C7C /* HotKeyCenter.swift */; };
		486EED8E1B3D41C70092FFF8 /* MenuSearchWindow.swift in Sources */ = {isa = PBXBuildFile; fileRef = 486EED8D1B3D41C70092FFF8 /* MenuSearchWindow.swift */; };
		4875779C1B51E7B900339D78 /* AXApplication.swift in Sources */ = {isa = PBXBuildFile; fileRef = 4875779B1B51E7B900339D78 /* AXApplication.swift */; };
		487835931B3B91E700BC911B /* AppDelegate.swift in Sources */ = {isa = PBXBuildFile; fileRef = 487835921B3B91E700BC911B /* AppDelegate.swift */; };
		487835951B3B91E700BC911B /* MenuSearchViewController.swift in Sources */ = {isa = PBXBuildFile; fileRef = 487835941B3B91E700BC911B /* MenuSearchViewController.swift */; };
		487835971B3B91E700BC911B /* Images.xcassets in Resources */ = {isa = PBXBuildFile; fileRef = 487835961B3B91E700BC911B /* Images.xcassets */; };
		487835A61B3B91E700BC911B /* MenumateTests.swift in Sources */ = {isa = PBXBuildFile; fileRef = 487835A51B3B91E700BC911B /* MenumateTests.swift */; };
		487835B01B3B9C0B00BC911B /* notes.txt in Resources */ = {isa = PBXBuildFile; fileRef = 487835AF1B3B9C0B00BC911B /* notes.txt */; };
		48C044D61D23B1DA00F49A94 /* AX.swift in Sources */ = {isa = PBXBuildFile; fileRef = 48C044D51D23B1DA00F49A94 /* AX.swift */; };
		48CECD311EA4A0BF007BD237 /* AXClient.swift in Sources */ = {isa = PBXBuildFile; fileRef = 48CECD301EA4A0BF007BD237 /* AXClient.swift */; };
		48D1E3322090740300E077F4 /* TrieTests.swift in Sources */ = {isa = PBXBuildFile; fileRef = 48D1E3312090740300E077F4 /* TrieTests.swift */; };
		D145E7C021E0C28600E11E3D /* MenuSearchWindowController.swift in Sources */ = {isa = PBXBuildFile; fileRef = D145E7BF21E0C28600E11E3D /* MenuSearchWindowController.swift */; };
		D145E7C621E21A9C00E11E3D /* MenuSearchQueryTextFieldEditor.swift in Sources */ = {isa = PBXBuildFile; fileRef = D145E7C521E21A9C00E11E3D /* MenuSearchQueryTextFieldEditor.swift */; };
		D16D16D5229CAC1D00321FDA /* main.swift in Sources */ = {isa = PBXBuildFile; fileRef = D16D16D4229CAC1D00321FDA /* main.swift */; };
		D17BF6CD21BD172200E70660 /* Menu.swift in Sources */ = {isa = PBXBuildFile; fileRef = D17BF6CC21BD172200E70660 /* Menu.swift */; };
		D17BF6CE21BD172200E70660 /* Menu.swift in Sources */ = {isa = PBXBuildFile; fileRef = D17BF6CC21BD172200E70660 /* Menu.swift */; };
		D19451E921D55B2A003607D2 /* MenuSearchWindow.xib in Resources */ = {isa = PBXBuildFile; fileRef = D19451E821D55B2A003607D2 /* MenuSearchWindow.xib */; };
		D19451EB21D626F8003607D2 /* IdGeneratorTest.swift in Sources */ = {isa = PBXBuildFile; fileRef = D19451EA21D626F8003607D2 /* IdGeneratorTest.swift */; };
		D19451ED21D62A80003607D2 /* AXClient.swift in Sources */ = {isa = PBXBuildFile; fileRef = 48CECD301EA4A0BF007BD237 /* AXClient.swift */; };
		D19451EE21D62AFB003607D2 /* HotKeyCenter.swift in Sources */ = {isa = PBXBuildFile; fileRef = 486DA97220172785007B5C7C /* HotKeyCenter.swift */; };
		D19451F021D78A27003607D2 /* SearchManager.swift in Sources */ = {isa = PBXBuildFile; fileRef = D19451EF21D78A27003607D2 /* SearchManager.swift */; };
		D19451F421DC7494003607D2 /* MenuSearchResultsViewController.swift in Sources */ = {isa = PBXBuildFile; fileRef = D19451F321DC7494003607D2 /* MenuSearchResultsViewController.swift */; };
		D19451F621DCA2D0003607D2 /* MenuSearchResultsDataSource.swift in Sources */ = {isa = PBXBuildFile; fileRef = D19451F521DCA2D0003607D2 /* MenuSearchResultsDataSource.swift */; };
		D19503F721F08C730059A7AA /* SearchManager.swift in Sources */ = {isa = PBXBuildFile; fileRef = D19451EF21D78A27003607D2 /* SearchManager.swift */; };
		D1D218F423A7772700A0240B /* PreferencesWindow.xib in Resources */ = {isa = PBXBuildFile; fileRef = D1D218F323A7772700A0240B /* PreferencesWindow.xib */; };
		D1D218F623A77B2200A0240B /* PreferencesWindowController.swift in Sources */ = {isa = PBXBuildFile; fileRef = D1D218F523A77B2200A0240B /* PreferencesWindowController.swift */; };
		D1DECD9C21D4AE980028ABAE /* Main.xib in Resources */ = {isa = PBXBuildFile; fileRef = D1DECD9B21D4AE980028ABAE /* Main.xib */; };
/* End PBXBuildFile section */

/* Begin PBXContainerItemProxy section */
		487835A01B3B91E700BC911B /* PBXContainerItemProxy */ = {
			isa = PBXContainerItemProxy;
			containerPortal = 487835851B3B91E600BC911B /* Project object */;
			proxyType = 1;
			remoteGlobalIDString = 4878358C1B3B91E700BC911B;
			remoteInfo = MenuFinder;
		};
/* End PBXContainerItemProxy section */

/* Begin PBXFileReference section */
		4843B26425873C690061C132 /* Preferences.swift */ = {isa = PBXFileReference; lastKnownFileType = sourcecode.swift; path = Preferences.swift; sourceTree = "<group>"; };
		484D31CE1F1371AF000A1EBA /* Trie.swift */ = {isa = PBXFileReference; fileEncoding = 4; lastKnownFileType = sourcecode.swift; path = Trie.swift; sourceTree = "<group>"; };
		4853E21A1F37FA6900D96A08 /* MenuItemCommandTests.swift */ = {isa = PBXFileReference; fileEncoding = 4; lastKnownFileType = sourcecode.swift; path = MenuItemCommandTests.swift; sourceTree = "<group>"; };
		4853E2251F37FFD400D96A08 /* Cocoa.framework */ = {isa = PBXFileReference; lastKnownFileType = wrapper.framework; name = Cocoa.framework; path = System/Library/Frameworks/Cocoa.framework; sourceTree = SDKROOT; };
		4853E2271F38001F00D96A08 /* AppKit.framework */ = {isa = PBXFileReference; lastKnownFileType = wrapper.framework; name = AppKit.framework; path = System/Library/Frameworks/AppKit.framework; sourceTree = SDKROOT; };
		486DA97220172785007B5C7C /* HotKeyCenter.swift */ = {isa = PBXFileReference; lastKnownFileType = sourcecode.swift; path = HotKeyCenter.swift; sourceTree = "<group>"; };
		486EED8D1B3D41C70092FFF8 /* MenuSearchWindow.swift */ = {isa = PBXFileReference; fileEncoding = 4; lastKnownFileType = sourcecode.swift; path = MenuSearchWindow.swift; sourceTree = "<group>"; };
		4875779B1B51E7B900339D78 /* AXApplication.swift */ = {isa = PBXFileReference; fileEncoding = 4; lastKnownFileType = sourcecode.swift; path = AXApplication.swift; sourceTree = "<group>"; };
		4878358D1B3B91E700BC911B /* Menumate.app */ = {isa = PBXFileReference; explicitFileType = wrapper.application; includeInIndex = 0; path = Menumate.app; sourceTree = BUILT_PRODUCTS_DIR; };
		487835911B3B91E700BC911B /* Info.plist */ = {isa = PBXFileReference; lastKnownFileType = text.plist.xml; path = Info.plist; sourceTree = "<group>"; };
		487835921B3B91E700BC911B /* AppDelegate.swift */ = {isa = PBXFileReference; lastKnownFileType = sourcecode.swift; path = AppDelegate.swift; sourceTree = "<group>"; };
		487835941B3B91E700BC911B /* MenuSearchViewController.swift */ = {isa = PBXFileReference; lastKnownFileType = sourcecode.swift; path = MenuSearchViewController.swift; sourceTree = "<group>"; };
		487835961B3B91E700BC911B /* Images.xcassets */ = {isa = PBXFileReference; lastKnownFileType = folder.assetcatalog; path = Images.xcassets; sourceTree = "<group>"; };
		4878359F1B3B91E700BC911B /* MenumateTests.xctest */ = {isa = PBXFileReference; explicitFileType = wrapper.cfbundle; includeInIndex = 0; path = MenumateTests.xctest; sourceTree = BUILT_PRODUCTS_DIR; };
		487835A41B3B91E700BC911B /* Info.plist */ = {isa = PBXFileReference; lastKnownFileType = text.plist.xml; path = Info.plist; sourceTree = "<group>"; };
		487835A51B3B91E700BC911B /* MenumateTests.swift */ = {isa = PBXFileReference; lastKnownFileType = sourcecode.swift; path = MenumateTests.swift; sourceTree = "<group>"; };
		487835AF1B3B9C0B00BC911B /* notes.txt */ = {isa = PBXFileReference; fileEncoding = 4; lastKnownFileType = text; path = notes.txt; sourceTree = "<group>"; };
		48C044D51D23B1DA00F49A94 /* AX.swift */ = {isa = PBXFileReference; fileEncoding = 4; lastKnownFileType = sourcecode.swift; path = AX.swift; sourceTree = "<group>"; };
		48CECD301EA4A0BF007BD237 /* AXClient.swift */ = {isa = PBXFileReference; fileEncoding = 4; lastKnownFileType = sourcecode.swift; path = AXClient.swift; sourceTree = "<group>"; };
		48D1E3312090740300E077F4 /* TrieTests.swift */ = {isa = PBXFileReference; lastKnownFileType = sourcecode.swift; path = TrieTests.swift; sourceTree = "<group>"; };
		48F9817E25C69C8D00920957 /* Menumate.entitlements */ = {isa = PBXFileReference; lastKnownFileType = text.plist.entitlements; path = Menumate.entitlements; sourceTree = "<group>"; };
		48F9817F25C69C8D00920957 /* MenumateDebug.entitlements */ = {isa = PBXFileReference; lastKnownFileType = text.plist.entitlements; path = MenumateDebug.entitlements; sourceTree = "<group>"; };
		D145E7BF21E0C28600E11E3D /* MenuSearchWindowController.swift */ = {isa = PBXFileReference; lastKnownFileType = sourcecode.swift; path = MenuSearchWindowController.swift; sourceTree = "<group>"; };
		D145E7C521E21A9C00E11E3D /* MenuSearchQueryTextFieldEditor.swift */ = {isa = PBXFileReference; fileEncoding = 4; lastKnownFileType = sourcecode.swift; path = MenuSearchQueryTextFieldEditor.swift; sourceTree = "<group>"; };
		D16D16D4229CAC1D00321FDA /* main.swift */ = {isa = PBXFileReference; lastKnownFileType = sourcecode.swift; path = main.swift; sourceTree = "<group>"; };
		D17BF6CC21BD172200E70660 /* Menu.swift */ = {isa = PBXFileReference; lastKnownFileType = sourcecode.swift; path = Menu.swift; sourceTree = "<group>"; };
		D19451E821D55B2A003607D2 /* MenuSearchWindow.xib */ = {isa = PBXFileReference; lastKnownFileType = file.xib; path = MenuSearchWindow.xib; sourceTree = "<group>"; };
		D19451EA21D626F8003607D2 /* IdGeneratorTest.swift */ = {isa = PBXFileReference; lastKnownFileType = sourcecode.swift; path = IdGeneratorTest.swift; sourceTree = "<group>"; };
		D19451EF21D78A27003607D2 /* SearchManager.swift */ = {isa = PBXFileReference; lastKnownFileType = sourcecode.swift; path = SearchManager.swift; sourceTree = "<group>"; };
		D19451F321DC7494003607D2 /* MenuSearchResultsViewController.swift */ = {isa = PBXFileReference; lastKnownFileType = sourcecode.swift; path = MenuSearchResultsViewController.swift; sourceTree = "<group>"; };
		D19451F521DCA2D0003607D2 /* MenuSearchResultsDataSource.swift */ = {isa = PBXFileReference; lastKnownFileType = sourcecode.swift; path = MenuSearchResultsDataSource.swift; sourceTree = "<group>"; };
		D1D218F323A7772700A0240B /* PreferencesWindow.xib */ = {isa = PBXFileReference; lastKnownFileType = file.xib; path = PreferencesWindow.xib; sourceTree = "<group>"; };
		D1D218F523A77B2200A0240B /* PreferencesWindowController.swift */ = {isa = PBXFileReference; lastKnownFileType = sourcecode.swift; path = PreferencesWindowController.swift; sourceTree = "<group>"; };
		D1DECD9B21D4AE980028ABAE /* Main.xib */ = {isa = PBXFileReference; lastKnownFileType = file.xib; path = Main.xib; sourceTree = "<group>"; };
/* End PBXFileReference section */

/* Begin PBXFrameworksBuildPhase section */
		4878358A1B3B91E700BC911B /* Frameworks */ = {
			isa = PBXFrameworksBuildPhase;
			buildActionMask = 2147483647;
			files = (
				484575F5254E91A1004CA196 /* ShortcutRecorder in Frameworks */,
			);
			runOnlyForDeploymentPostprocessing = 0;
		};
		4878359C1B3B91E700BC911B /* Frameworks */ = {
			isa = PBXFrameworksBuildPhase;
			buildActionMask = 2147483647;
			files = (
			);
			runOnlyForDeploymentPostprocessing = 0;
		};
/* End PBXFrameworksBuildPhase section */

/* Begin PBXGroup section */
		486B29E81B3BC617002DAE0B /* Frameworks */ = {
			isa = PBXGroup;
			children = (
				4853E2271F38001F00D96A08 /* AppKit.framework */,
				4853E2251F37FFD400D96A08 /* Cocoa.framework */,
			);
			name = Frameworks;
			sourceTree = "<group>";
		};
		487835841B3B91E600BC911B = {
			isa = PBXGroup;
			children = (
				48F9817D25C69C8D00920957 /* Entitlements */,
				4878358F1B3B91E700BC911B /* Source */,
				487835A21B3B91E700BC911B /* Tests */,
				4878358E1B3B91E700BC911B /* Products */,
				486B29E81B3BC617002DAE0B /* Frameworks */,
				487835AF1B3B9C0B00BC911B /* notes.txt */,
			);
			sourceTree = "<group>";
		};
		4878358E1B3B91E700BC911B /* Products */ = {
			isa = PBXGroup;
			children = (
				4878358D1B3B91E700BC911B /* Menumate.app */,
				4878359F1B3B91E700BC911B /* MenumateTests.xctest */,
			);
			name = Products;
			sourceTree = "<group>";
		};
		4878358F1B3B91E700BC911B /* Source */ = {
			isa = PBXGroup;
			children = (
				48C044D51D23B1DA00F49A94 /* AX.swift */,
				48CECD301EA4A0BF007BD237 /* AXClient.swift */,
				4875779B1B51E7B900339D78 /* AXApplication.swift */,
				487835921B3B91E700BC911B /* AppDelegate.swift */,
				D16D16D4229CAC1D00321FDA /* main.swift */,
				486EED8D1B3D41C70092FFF8 /* MenuSearchWindow.swift */,
				D145E7BF21E0C28600E11E3D /* MenuSearchWindowController.swift */,
				487835941B3B91E700BC911B /* MenuSearchViewController.swift */,
				D145E7C521E21A9C00E11E3D /* MenuSearchQueryTextFieldEditor.swift */,
				D19451F321DC7494003607D2 /* MenuSearchResultsViewController.swift */,
				D19451F521DCA2D0003607D2 /* MenuSearchResultsDataSource.swift */,
				D1D218F523A77B2200A0240B /* PreferencesWindowController.swift */,
				D19451EF21D78A27003607D2 /* SearchManager.swift */,
				486DA97220172785007B5C7C /* HotKeyCenter.swift */,
				D17BF6CC21BD172200E70660 /* Menu.swift */,
				484D31CE1F1371AF000A1EBA /* Trie.swift */,
				D1DECD9B21D4AE980028ABAE /* Main.xib */,
				4843B26425873C690061C132 /* Preferences.swift */,
				D19451E821D55B2A003607D2 /* MenuSearchWindow.xib */,
				D1D218F323A7772700A0240B /* PreferencesWindow.xib */,
				487835901B3B91E700BC911B /* Supporting Files */,
			);
			path = Source;
			sourceTree = "<group>";
		};
		487835901B3B91E700BC911B /* Supporting Files */ = {
			isa = PBXGroup;
			children = (
				487835911B3B91E700BC911B /* Info.plist */,
				487835961B3B91E700BC911B /* Images.xcassets */,
			);
			name = "Supporting Files";
			sourceTree = "<group>";
		};
		487835A21B3B91E700BC911B /* Tests */ = {
			isa = PBXGroup;
			children = (
				487835A51B3B91E700BC911B /* MenumateTests.swift */,
				4853E21A1F37FA6900D96A08 /* MenuItemCommandTests.swift */,
				48D1E3312090740300E077F4 /* TrieTests.swift */,
				D19451EA21D626F8003607D2 /* IdGeneratorTest.swift */,
				487835A31B3B91E700BC911B /* Supporting Files */,
			);
			path = Tests;
			sourceTree = "<group>";
		};
		487835A31B3B91E700BC911B /* Supporting Files */ = {
			isa = PBXGroup;
			children = (
				487835A41B3B91E700BC911B /* Info.plist */,
			);
			name = "Supporting Files";
			sourceTree = "<group>";
		};
		48F9817D25C69C8D00920957 /* Entitlements */ = {
			isa = PBXGroup;
			children = (
				48F9817E25C69C8D00920957 /* Menumate.entitlements */,
				48F9817F25C69C8D00920957 /* MenumateDebug.entitlements */,
			);
			path = Entitlements;
			sourceTree = "<group>";
		};
/* End PBXGroup section */

/* Begin PBXNativeTarget section */
		4878358C1B3B91E700BC911B /* Menumate */ = {
			isa = PBXNativeTarget;
			buildConfigurationList = 487835A91B3B91E700BC911B /* Build configuration list for PBXNativeTarget "Menumate" */;
			buildPhases = (
				487835891B3B91E700BC911B /* Sources */,
				4878358A1B3B91E700BC911B /* Frameworks */,
				4878358B1B3B91E700BC911B /* Resources */,
			);
			buildRules = (
			);
			dependencies = (
			);
			name = Menumate;
			packageProductDependencies = (
				484575F4254E91A1004CA196 /* ShortcutRecorder */,
			);
			productName = MenuFinder;
			productReference = 4878358D1B3B91E700BC911B /* Menumate.app */;
			productType = "com.apple.product-type.application";
		};
		4878359E1B3B91E700BC911B /* MenumateTests */ = {
			isa = PBXNativeTarget;
			buildConfigurationList = 487835AC1B3B91E700BC911B /* Build configuration list for PBXNativeTarget "MenumateTests" */;
			buildPhases = (
				4878359B1B3B91E700BC911B /* Sources */,
				4878359C1B3B91E700BC911B /* Frameworks */,
				4878359D1B3B91E700BC911B /* Resources */,
			);
			buildRules = (
			);
			dependencies = (
				487835A11B3B91E700BC911B /* PBXTargetDependency */,
			);
			name = MenumateTests;
			productName = MenuFinderTests;
			productReference = 4878359F1B3B91E700BC911B /* MenumateTests.xctest */;
			productType = "com.apple.product-type.bundle.unit-test";
		};
/* End PBXNativeTarget section */

/* Begin PBXProject section */
		487835851B3B91E600BC911B /* Project object */ = {
			isa = PBXProject;
			attributes = {
				LastSwiftUpdateCheck = 0700;
				LastUpgradeCheck = 1210;
				ORGANIZATIONNAME = Codjax;
				TargetAttributes = {
					4878358C1B3B91E700BC911B = {
						CreatedOnToolsVersion = 6.3.2;
						DevelopmentTeam = YOUR_TEAM_ID;
						LastSwiftMigration = 1020;
						ProvisioningStyle = Automatic;
					};
					4878359E1B3B91E700BC911B = {
						CreatedOnToolsVersion = 6.3.2;
						LastSwiftMigration = 1020;
						TestTargetID = 4878358C1B3B91E700BC911B;
					};
				};
			};
			buildConfigurationList = 487835881B3B91E600BC911B /* Build configuration list for PBXProject "menumate" */;
			compatibilityVersion = "Xcode 6.3";
			developmentRegion = en;
			hasScannedForEncodings = 0;
			knownRegions = (
				en,
				Base,
			);
			mainGroup = 487835841B3B91E600BC911B;
			packageReferences = (
				484575F3254E91A1004CA196 /* XCRemoteSwiftPackageReference "ShortcutRecorder" */,
			);
			productRefGroup = 4878358E1B3B91E700BC911B /* Products */;
			projectDirPath = "";
			projectRoot = "";
			targets = (
				4878358C1B3B91E700BC911B /* Menumate */,
				4878359E1B3B91E700BC911B /* MenumateTests */,
			);
		};
/* End PBXProject section */

/* Begin PBXResourcesBuildPhase section */
		4878358B1B3B91E700BC911B /* Resources */ = {
			isa = PBXResourcesBuildPhase;
			buildActionMask = 2147483647;
			files = (
				D19451E921D55B2A003607D2 /* MenuSearchWindow.xib in Resources */,
				D1D218F423A7772700A0240B /* PreferencesWindow.xib in Resources */,
				487835B01B3B9C0B00BC911B /* notes.txt in Resources */,
				487835971B3B91E700BC911B /* Images.xcassets in Resources */,
				D1DECD9C21D4AE980028ABAE /* Main.xib in Resources */,
			);
			runOnlyForDeploymentPostprocessing = 0;
		};
		4878359D1B3B91E700BC911B /* Resources */ = {
			isa = PBXResourcesBuildPhase;
			buildActionMask = 2147483647;
			files = (
			);
			runOnlyForDeploymentPostprocessing = 0;
		};
/* End PBXResourcesBuildPhase section */

/* Begin PBXSourcesBuildPhase section */
		487835891B3B91E700BC911B /* Sources */ = {
			isa = PBXSourcesBuildPhase;
			buildActionMask = 2147483647;
			files = (
				D19451F421DC7494003607D2 /* MenuSearchResultsViewController.swift in Sources */,
				487835931B3B91E700BC911B /* AppDelegate.swift in Sources */,
				48C044D61D23B1DA00F49A94 /* AX.swift in Sources */,
				4875779C1B51E7B900339D78 /* AXApplication.swift in Sources */,
				D145E7C621E21A9C00E11E3D /* MenuSearchQueryTextFieldEditor.swift in Sources */,
				D19451F621DCA2D0003607D2 /* MenuSearchResultsDataSource.swift in Sources */,
				48CECD311EA4A0BF007BD237 /* AXClient.swift in Sources */,
				486EED8E1B3D41C70092FFF8 /* MenuSearchWindow.swift in Sources */,
				4843B26525873C690061C132 /* Preferences.swift in Sources */,
				486DA97320172785007B5C7C /* HotKeyCenter.swift in Sources */,
				D145E7C021E0C28600E11E3D /* MenuSearchWindowController.swift in Sources */,
				D17BF6CD21BD172200E70660 /* Menu.swift in Sources */,
				D16D16D5229CAC1D00321FDA /* main.swift in Sources */,
				D19451F021D78A27003607D2 /* SearchManager.swift in Sources */,
				484D31CF1F1371AF000A1EBA /* Trie.swift in Sources */,
				D1D218F623A77B2200A0240B /* PreferencesWindowController.swift in Sources */,
				487835951B3B91E700BC911B /* MenuSearchViewController.swift in Sources */,
			);
			runOnlyForDeploymentPostprocessing = 0;
		};
		4878359B1B3B91E700BC911B /* Sources */ = {
			isa = PBXSourcesBuildPhase;
			buildActionMask = 2147483647;
			files = (
				D19503F721F08C730059A7AA /* SearchManager.swift in Sources */,
				4853E21F1F37FC6E00D96A08 /* AX.swift in Sources */,
				485F2B1E25C67ABC00464F81 /* Preferences.swift in Sources */,
				4853E2211F37FC6E00D96A08 /* AXApplication.swift in Sources */,
				D19451ED21D62A80003607D2 /* AXClient.swift in Sources */,
				4853E2231F37FF0100D96A08 /* MenuSearchWindow.swift in Sources */,
				D19451EE21D62AFB003607D2 /* HotKeyCenter.swift in Sources */,
				D17BF6CE21BD172200E70660 /* Menu.swift in Sources */,
				4853E2241F37FF0700D96A08 /* Trie.swift in Sources */,
				4853E2221F37FED900D96A08 /* MenuSearchViewController.swift in Sources */,
				487835A61B3B91E700BC911B /* MenumateTests.swift in Sources */,
				D19451EB21D626F8003607D2 /* IdGeneratorTest.swift in Sources */,
				48D1E3322090740300E077F4 /* TrieTests.swift in Sources */,
				4853E21B1F37FA6900D96A08 /* MenuItemCommandTests.swift in Sources */,
			);
			runOnlyForDeploymentPostprocessing = 0;
		};
/* End PBXSourcesBuildPhase section */

/* Begin PBXTargetDependency section */
		487835A11B3B91E700BC911B /* PBXTargetDependency */ = {
			isa = PBXTargetDependency;
			target = 4878358C1B3B91E700BC911B /* Menumate */;
			targetProxy = 487835A01B3B91E700BC911B /* PBXContainerItemProxy */;
		};
/* End PBXTargetDependency section */

/* Begin XCBuildConfiguration section */
		487835A71B3B91E700BC911B /* Debug */ = {
			isa = XCBuildConfiguration;
			buildSettings = {
				ALWAYS_SEARCH_USER_PATHS = NO;
				CLANG_ANALYZER_LOCALIZABILITY_NONLOCALIZED = YES;
				CLANG_CXX_LANGUAGE_STANDARD = "gnu++0x";
				CLANG_CXX_LIBRARY = "libc++";
				CLANG_ENABLE_MODULES = YES;
				CLANG_ENABLE_OBJC_ARC = YES;
				CLANG_WARN_BLOCK_CAPTURE_AUTORELEASING = YES;
				CLANG_WARN_BOOL_CONVERSION = YES;
				CLANG_WARN_COMMA = YES;
				CLANG_WARN_CONSTANT_CONVERSION = YES;
				CLANG_WARN_DEPRECATED_OBJC_IMPLEMENTATIONS = YES;
				CLANG_WARN_DIRECT_OBJC_ISA_USAGE = YES_ERROR;
				CLANG_WARN_EMPTY_BODY = YES;
				CLANG_WARN_ENUM_CONVERSION = YES;
				CLANG_WARN_INFINITE_RECURSION = YES;
				CLANG_WARN_INT_CONVERSION = YES;
				CLANG_WARN_NON_LITERAL_NULL_CONVERSION = YES;
				CLANG_WARN_OBJC_IMPLICIT_RETAIN_SELF = YES;
				CLANG_WARN_OBJC_LITERAL_CONVERSION = YES;
				CLANG_WARN_OBJC_ROOT_CLASS = YES_ERROR;
				CLANG_WARN_QUOTED_INCLUDE_IN_FRAMEWORK_HEADER = YES;
				CLANG_WARN_RANGE_LOOP_ANALYSIS = YES;
				CLANG_WARN_STRICT_PROTOTYPES = YES;
				CLANG_WARN_SUSPICIOUS_MOVE = YES;
				CLANG_WARN_UNREACHABLE_CODE = YES;
				CLANG_WARN__DUPLICATE_METHOD_MATCH = YES;
				CODE_SIGN_IDENTITY = "-";
				COPY_PHASE_STRIP = NO;
				DEBUG_INFORMATION_FORMAT = dwarf;
				ENABLE_STRICT_OBJC_MSGSEND = YES;
				ENABLE_TESTABILITY = YES;
				GCC_C_LANGUAGE_STANDARD = gnu99;
				GCC_DYNAMIC_NO_PIC = NO;
				GCC_NO_COMMON_BLOCKS = YES;
				GCC_OPTIMIZATION_LEVEL = 0;
				GCC_PREPROCESSOR_DEFINITIONS = (
					"DEBUG=1",
					"$(inherited)",
				);
				GCC_SYMBOLS_PRIVATE_EXTERN = NO;
				GCC_WARN_64_TO_32_BIT_CONVERSION = YES;
				GCC_WARN_ABOUT_RETURN_TYPE = YES_ERROR;
				GCC_WARN_UNDECLARED_SELECTOR = YES;
				GCC_WARN_UNINITIALIZED_AUTOS = YES_AGGRESSIVE;
				GCC_WARN_UNUSED_FUNCTION = YES;
				GCC_WARN_UNUSED_VARIABLE = YES;
				MACOSX_DEPLOYMENT_TARGET = 10.15;
				MTL_ENABLE_DEBUG_INFO = YES;
				ONLY_ACTIVE_ARCH = YES;
				PRODUCT_BUNDLE_IDENTIFIER = co.kasky.menumate;
				SDKROOT = macosx;
				SWIFT_ACTIVE_COMPILATION_CONDITIONS = DEBUG;
				SWIFT_OPTIMIZATION_LEVEL = "-Onone";
				SWIFT_VERSION = 5.0;
			};
			name = Debug;
		};
		487835A81B3B91E700BC911B /* Release */ = {
			isa = XCBuildConfiguration;
			buildSettings = {
				ALWAYS_SEARCH_USER_PATHS = NO;
				CLANG_ANALYZER_LOCALIZABILITY_NONLOCALIZED = YES;
				CLANG_CXX_LANGUAGE_STANDARD = "gnu++0x";
				CLANG_CXX_LIBRARY = "libc++";
				CLANG_ENABLE_MODULES = YES;
				CLANG_ENABLE_OBJC_ARC = YES;
				CLANG_WARN_BLOCK_CAPTURE_AUTORELEASING = YES;
				CLANG_WARN_BOOL_CONVERSION = YES;
				CLANG_WARN_COMMA = YES;
				CLANG_WARN_CONSTANT_CONVERSION = YES;
				CLANG_WARN_DEPRECATED_OBJC_IMPLEMENTATIONS = YES;
				CLANG_WARN_DIRECT_OBJC_ISA_USAGE = YES_ERROR;
				CLANG_WARN_EMPTY_BODY = YES;
				CLANG_WARN_ENUM_CONVERSION = YES;
				CLANG_WARN_INFINITE_RECURSION = YES;
				CLANG_WARN_INT_CONVERSION = YES;
				CLANG_WARN_NON_LITERAL_NULL_CONVERSION = YES;
				CLANG_WARN_OBJC_IMPLICIT_RETAIN_SELF = YES;
				CLANG_WARN_OBJC_LITERAL_CONVERSION = YES;
				CLANG_WARN_OBJC_ROOT_CLASS = YES_ERROR;
				CLANG_WARN_QUOTED_INCLUDE_IN_FRAMEWORK_HEADER = YES;
				CLANG_WARN_RANGE_LOOP_ANALYSIS = YES;
				CLANG_WARN_STRICT_PROTOTYPES = YES;
				CLANG_WARN_SUSPICIOUS_MOVE = YES;
				CLANG_WARN_UNREACHABLE_CODE = YES;
				CLANG_WARN__DUPLICATE_METHOD_MATCH = YES;
				CODE_SIGN_IDENTITY = "-";
				COPY_PHASE_STRIP = NO;
				DEBUG_INFORMATION_FORMAT = "dwarf-with-dsym";
				ENABLE_NS_ASSERTIONS = NO;
				ENABLE_STRICT_OBJC_MSGSEND = YES;
				GCC_C_LANGUAGE_STANDARD = gnu99;
				GCC_NO_COMMON_BLOCKS = YES;
				GCC_WARN_64_TO_32_BIT_CONVERSION = YES;
				GCC_WARN_ABOUT_RETURN_TYPE = YES_ERROR;
				GCC_WARN_UNDECLARED_SELECTOR = YES;
				GCC_WARN_UNINITIALIZED_AUTOS = YES_AGGRESSIVE;
				GCC_WARN_UNUSED_FUNCTION = YES;
				GCC_WARN_UNUSED_VARIABLE = YES;
				MACOSX_DEPLOYMENT_TARGET = 10.15;
				MTL_ENABLE_DEBUG_INFO = NO;
				PRODUCT_BUNDLE_IDENTIFIER = co.kasky.menumate;
				SDKROOT = macosx;
				SWIFT_ACTIVE_COMPILATION_CONDITIONS = "";
				SWIFT_VERSION = 5.0;
			};
			name = Release;
		};
		487835AA1B3B91E700BC911B /* Debug */ = {
			isa = XCBuildConfiguration;
			buildSettings = {
				ASSETCATALOG_COMPILER_APPICON_NAME = AppIcon;
				CODE_SIGN_ENTITLEMENTS = Entitlements/MenumateDebug.entitlements;
				CODE_SIGN_IDENTITY = "Apple Development";
				CODE_SIGN_STYLE = Automatic;
				COMBINE_HIDPI_IMAGES = YES;
				DEVELOPMENT_TEAM = YOUR_TEAM_ID;
				ENABLE_HARDENED_RUNTIME = YES;
				INFOPLIST_FILE = Source/Info.plist;
				IPHONEOS_DEPLOYMENT_TARGET = "";
				LD_RUNPATH_SEARCH_PATHS = (
					"$(inherited)",
					"@executable_path/../Frameworks",
				);
				MARKETING_VERSION = 1.1;
				PRODUCT_BUNDLE_IDENTIFIER = co.kasky.menumate;
				PRODUCT_NAME = "$(TARGET_NAME)";
				PROVISIONING_PROFILE_SPECIFIER = "";
				SWIFT_ACTIVE_COMPILATION_CONDITIONS = DEBUG;
				SWIFT_INSTALL_OBJC_HEADER = NO;
				SWIFT_PRECOMPILE_BRIDGING_HEADER = NO;
				SWIFT_VERSION = 5.0;
				TVOS_DEPLOYMENT_TARGET = "";
				WATCHOS_DEPLOYMENT_TARGET = "";
			};
			name = Debug;
		};
		487835AB1B3B91E700BC911B /* Release */ = {
			isa = XCBuildConfiguration;
			buildSettings = {
				ASSETCATALOG_COMPILER_APPICON_NAME = AppIcon;
				CODE_SIGN_ENTITLEMENTS = Entitlements/Menumate.entitlements;
				CODE_SIGN_IDENTITY = "Apple Development";
				CODE_SIGN_STYLE = Automatic;
				COMBINE_HIDPI_IMAGES = YES;
				DEVELOPMENT_TEAM = YOUR_TEAM_ID;
				ENABLE_HARDENED_RUNTIME = YES;
				INFOPLIST_FILE = Source/Info.plist;
				IPHONEOS_DEPLOYMENT_TARGET = "";
				LD_RUNPATH_SEARCH_PATHS = (
					"$(inherited)",
					"@executable_path/../Frameworks",
				);
				MARKETING_VERSION = 1.1;
				PRODUCT_BUNDLE_IDENTIFIER = co.kasky.menumate;
				PRODUCT_NAME = "$(TARGET_NAME)";
				PROVISIONING_PROFILE_SPECIFIER = "";
				SWIFT_ACTIVE_COMPILATION_CONDITIONS = "";
				SWIFT_COMPILATION_MODE = wholemodule;
				SWIFT_INSTALL_OBJC_HEADER = NO;
				SWIFT_OPTIMIZATION_LEVEL = "-O";
				SWIFT_PRECOMPILE_BRIDGING_HEADER = NO;
				SWIFT_VERSION = 5.0;
				TVOS_DEPLOYMENT_TARGET = "";
				WATCHOS_DEPLOYMENT_TARGET = "";
			};
			name = Release;
		};
		487835AD1B3B91E700BC911B /* Debug */ = {
			isa = XCBuildConfiguration;
			buildSettings = {
				BUNDLE_LOADER = "$(TEST_HOST)";
				CODE_SIGN_IDENTITY = "-";
				COMBINE_HIDPI_IMAGES = YES;
				DEVELOPMENT_TEAM = "";
				EXCLUDED_SOURCE_FILE_NAMES = "*.xcplaygroundpage";
				FRAMEWORK_SEARCH_PATHS = (
					"$(DEVELOPER_FRAMEWORKS_DIR)",
					"$(inherited)",
				);
				GCC_PREPROCESSOR_DEFINITIONS = (
					"DEBUG=1",
					"$(inherited)",
				);
				INFOPLIST_FILE = Tests/Info.plist;
				IPHONEOS_DEPLOYMENT_TARGET = "";
				LD_RUNPATH_SEARCH_PATHS = (
					"$(inherited)",
					"@executable_path/../Frameworks",
					"@loader_path/../Frameworks",
				);
				MF_MAKE_PROCESS_TRUSTED = NO;
				"MF_MAKE_PROCESS_TRUSTED[arch=*]" = NO;
				PRODUCT_BUNDLE_IDENTIFIER = "com.codjax.$(PRODUCT_NAME:rfc1034identifier)";
				PRODUCT_NAME = "$(TARGET_NAME)";
				SWIFT_ACTIVE_COMPILATION_CONDITIONS = DEBUG;
				SWIFT_INSTALL_OBJC_HEADER = NO;
				SWIFT_VERSION = 5.0;
				TEST_HOST = "$(BUILT_PRODUCTS_DIR)/Menumate.app/Contents/MacOS/Menumate";
				TVOS_DEPLOYMENT_TARGET = "";
				WATCHOS_DEPLOYMENT_TARGET = "";
			};
			name = Debug;
		};
		487835AE1B3B91E700BC911B /* Release */ = {
			isa = XCBuildConfiguration;
			buildSettings = {
				BUNDLE_LOADER = "$(TEST_HOST)";
				CODE_SIGN_IDENTITY = "-";
				COMBINE_HIDPI_IMAGES = YES;
				DEVELOPMENT_TEAM = "";
				EXCLUDED_SOURCE_FILE_NAMES = "*.xcplaygroundpage";
				FRAMEWORK_SEARCH_PATHS = (
					"$(DEVELOPER_FRAMEWORKS_DIR)",
					"$(inherited)",
				);
				INFOPLIST_FILE = Tests/Info.plist;
				IPHONEOS_DEPLOYMENT_TARGET = "";
				LD_RUNPATH_SEARCH_PATHS = (
					"$(inherited)",
					"@executable_path/../Frameworks",
					"@loader_path/../Frameworks",
				);
				MF_MAKE_PROCESS_TRUSTED = NO;
				"MF_MAKE_PROCESS_TRUSTED[arch=*]" = NO;
				PRODUCT_BUNDLE_IDENTIFIER = "com.codjax.$(PRODUCT_NAME:rfc1034identifier)";
				PRODUCT_NAME = "$(TARGET_NAME)";
				SWIFT_ACTIVE_COMPILATION_CONDITIONS = "";
				SWIFT_COMPILATION_MODE = wholemodule;
				SWIFT_INSTALL_OBJC_HEADER = NO;
				SWIFT_OPTIMIZATION_LEVEL = "-O";
				SWIFT_VERSION = 5.0;
				TEST_HOST = "$(BUILT_PRODUCTS_DIR)/Menumate.app/Contents/MacOS/Menumate";
				TVOS_DEPLOYMENT_TARGET = "";
				WATCHOS_DEPLOYMENT_TARGET = "";
			};
			name = Release;
		};
/* End XCBuildConfiguration section */

/* Begin XCConfigurationList section */
		487835881B3B91E600BC911B /* Build configuration list for PBXProject "menumate" */ = {
			isa = XCConfigurationList;
			buildConfigurations = (
				487835A71B3B91E700BC911B /* Debug */,
				487835A81B3B91E700BC911B /* Release */,
			);
			defaultConfigurationIsVisible = 0;
			defaultConfigurationName = Release;
		};
		487835A91B3B91E700BC911B /* Build configuration list for PBXNativeTarget "Menumate" */ = {
			isa = XCConfigurationList;
			buildConfigurations = (
				487835AA1B3B91E700BC911B /* Debug */,
				487835AB1B3B91E700BC911B /* Release */,
			);
			defaultConfigurationIsVisible = 0;
			defaultConfigurationName = Release;
		};
		487835AC1B3B91E700BC911B /* Build configuration list for PBXNativeTarget "MenumateTests" */ = {
			isa = XCConfigurationList;
			buildConfigurations = (
				487835AD1B3B91E700BC911B /* Debug */,
				487835AE1B3B91E700BC911B /* Release */,
			);
			defaultConfigurationIsVisible = 0;
			defaultConfigurationName = Release;
		};
/* End XCConfigurationList section */

/* Begin XCRemoteSwiftPackageReference section */
		484575F3254E91A1004CA196 /* XCRemoteSwiftPackageReference "ShortcutRecorder" */ = {
			isa = XCRemoteSwiftPackageReference;
			repositoryURL = "git://github.com/Kentzo/ShortcutRecorder.git";
			requirement = {
				kind = upToNextMajorVersion;
				minimumVersion = 3.3.0;
			};
		};
/* End XCRemoteSwiftPackageReference section */

/* Begin XCSwiftPackageProductDependency section */
		484575F4254E91A1004CA196 /* ShortcutRecorder */ = {
			isa = XCSwiftPackageProductDependency;
			package = 484575F3254E91A1004CA196 /* XCRemoteSwiftPackageReference "ShortcutRecorder" */;
			productName = ShortcutRecorder;
		};
/* End XCSwiftPackageProductDependency section */
	};
	rootObject = 487835851B3B91E600BC911B /* Project object */;
}
