// !$*UTF8*$!
{
	archiveVersion = 1;
	classes = {
	};
	objectVersion = 70;
	objects = {

/* Begin PBXBuildFile section */
		11490736946B40F0B124B979 /* IndexProvider.swift in Sources */ = {isa = PBXBuildFile; fileRef = 6A258BA5DF5F4493AE440F96 /* IndexProvider.swift */; };
		2B60469A65B3451E92B04495 /* AXMenuWalkerTests.swift in Sources */ = {isa = PBXBuildFile; fileRef = 35B4849149CA4EB3A1650A95 /* AXMenuWalkerTests.swift */; };
		2C883B5A332545F78CFD0CEF /* FakeAXApplication.swift in Sources */ = {isa = PBXBuildFile; fileRef = 18356E1DC4F7489CB7A35E9C /* FakeAXApplication.swift */; };
		481490262A6D7A26000F2627 /* SearchPanel.swift in Sources */ = {isa = PBXBuildFile; fileRef = 481490252A6D7A26000F2627 /* SearchPanel.swift */; };
		481CCC020CCCCCCCCCCC0002 /* CheatsheetPanel.swift in Sources */ = {isa = PBXBuildFile; fileRef = 481CCC010CCCCCCCCCCC0001 /* CheatsheetPanel.swift */; };
		481CCC040CCCCCCCCCCC0004 /* CheatsheetView.swift in Sources */ = {isa = PBXBuildFile; fileRef = 481CCC030CCCCCCCCCCC0003 /* CheatsheetView.swift */; };
		481CCC060CCCCCCCCCCC0006 /* CheatsheetTests.swift in Sources */ = {isa = PBXBuildFile; fileRef = 481CCC050CCCCCCCCCCC0005 /* CheatsheetTests.swift */; };
		481CCC080CCCCCCCCCCC0008 /* PanelChrome.swift in Sources */ = {isa = PBXBuildFile; fileRef = 481CCC070CCCCCCCCCCC0007 /* PanelChrome.swift */; };
		481CCC110CCCCCCCCCCC0011 /* IndexProviderTests.swift in Sources */ = {isa = PBXBuildFile; fileRef = 481CCC100CCCCCCCCCCC0010 /* IndexProviderTests.swift */; };
		4822C9D12A1733FE00CD843B /* App.swift in Sources */ = {isa = PBXBuildFile; fileRef = 4822C9D02A1733FE00CD843B /* App.swift */; };
		482C8A912A6BA7F300A8B5DB /* SettingsView.swift in Sources */ = {isa = PBXBuildFile; fileRef = 482C8A902A6BA7F300A8B5DB /* SettingsView.swift */; };
		4853E21B1F37FA6900D96A08 /* MenuItemCommandTests.swift in Sources */ = {isa = PBXBuildFile; fileRef = 4853E21A1F37FA6900D96A08 /* MenuItemCommandTests.swift */; };
		4853E21F1F37FC6E00D96A08 /* AX.swift in Sources */ = {isa = PBXBuildFile; fileRef = 48C044D51D23B1DA00F49A94 /* AX.swift */; };
		4853E2211F37FC6E00D96A08 /* AXApplication.swift in Sources */ = {isa = PBXBuildFile; fileRef = 4875779B1B51E7B900339D78 /* AXApplication.swift */; };
		4875779C1B51E7B900339D78 /* AXApplication.swift in Sources */ = {isa = PBXBuildFile; fileRef = 4875779B1B51E7B900339D78 /* AXApplication.swift */; };
		487835971B3B91E700BC911B /* Images.xcassets in Resources */ = {isa = PBXBuildFile; fileRef = 487835961B3B91E700BC911B /* Images.xcassets */; };
		489EB1742A6C6C30000271CB /* SearchView.swift in Sources */ = {isa = PBXBuildFile; fileRef = 489EB1732A6C6C30000271CB /* SearchView.swift */; };
		48AE1CA1270829F500EF0234 /* AXElement.swift in Sources */ = {isa = PBXBuildFile; fileRef = 48F9819225D2716800920957 /* AXElement.swift */; };
		48AE1CA227082A2300EF0234 /* AXMenu.swift in Sources */ = {isa = PBXBuildFile; fileRef = 48F9819625D2733300920957 /* AXMenu.swift */; };
		48C044D61D23B1DA00F49A94 /* AX.swift in Sources */ = {isa = PBXBuildFile; fileRef = 48C044D51D23B1DA00F49A94 /* AX.swift */; };
		48CECD311EA4A0BF007BD237 /* AXClient.swift in Sources */ = {isa = PBXBuildFile; fileRef = 48CECD301EA4A0BF007BD237 /* AXClient.swift */; };
		48D557D82B2D7D4300956ABA /* Preferences.swift in Sources */ = {isa = PBXBuildFile; fileRef = 48D557D72B2D7D4300956ABA /* Preferences.swift */; };
		48D557D92B2D7D4300956ABA /* Preferences.swift in Sources */ = {isa = PBXBuildFile; fileRef = 48D557D72B2D7D4300956ABA /* Preferences.swift */; };
		48F1B0C92ADFBA3900E6492E /* KeyboardShortcuts in Frameworks */ = {isa = PBXBuildFile; productRef = 48F1B0C82ADFBA3900E6492E /* KeyboardShortcuts */; };
		48F1B0CB2ADFBA3900E6492E /* Sentry in Frameworks */ = {isa = PBXBuildFile; productRef = 48F1B0CA2ADFBA3900E6492E /* Sentry */; };
		48F1B0CE2ADFBA3900E6492E /* Telemetry.swift in Sources */ = {isa = PBXBuildFile; fileRef = 48F1B0CD2ADFBA3900E6492E /* Telemetry.swift */; };
		48F9819325D2716800920957 /* AXElement.swift in Sources */ = {isa = PBXBuildFile; fileRef = 48F9819225D2716800920957 /* AXElement.swift */; };
		48F9819725D2733300920957 /* AXMenu.swift in Sources */ = {isa = PBXBuildFile; fileRef = 48F9819625D2733300920957 /* AXMenu.swift */; };
		6375ED7C280E4AB2B0C5C3C9 /* CheatsheetSession.swift in Sources */ = {isa = PBXBuildFile; fileRef = E5F1BE68D3E244688412BBA3 /* CheatsheetSession.swift */; };
		715E07FDD7D34E48A0A53271 /* FakeAXElement.swift in Sources */ = {isa = PBXBuildFile; fileRef = 88769A3377EB4A3E8C9E0411 /* FakeAXElement.swift */; };
		8D3ED5DD08AB461BB50AC966 /* CheatsheetSession.swift in Sources */ = {isa = PBXBuildFile; fileRef = E5F1BE68D3E244688412BBA3 /* CheatsheetSession.swift */; };
		AC10C0000002000000000001 /* Clock.swift in Sources */ = {isa = PBXBuildFile; fileRef = AC10C0000001000000000001 /* Clock.swift */; };
		AC10C0000003000000000001 /* Clock.swift in Sources */ = {isa = PBXBuildFile; fileRef = AC10C0000001000000000001 /* Clock.swift */; };
		B1A4DE3555B64713B756BDAD /* FakeAXClient.swift in Sources */ = {isa = PBXBuildFile; fileRef = 19CB2B9446B84F94851F9AE1 /* FakeAXClient.swift */; };
		BB10000000000000000000A1 /* KeyGlyph.swift in Sources */ = {isa = PBXBuildFile; fileRef = BB10000000000000000000A0 /* KeyGlyph.swift */; };
		BB10000000000000000000A2 /* KeyGlyph.swift in Sources */ = {isa = PBXBuildFile; fileRef = BB10000000000000000000A0 /* KeyGlyph.swift */; };
		BB10000000000000000000B1 /* Modifiers.swift in Sources */ = {isa = PBXBuildFile; fileRef = BB10000000000000000000B0 /* Modifiers.swift */; };
		BB10000000000000000000B2 /* Modifiers.swift in Sources */ = {isa = PBXBuildFile; fileRef = BB10000000000000000000B0 /* Modifiers.swift */; };
		BB10000000000000000000C1 /* MenuItem.swift in Sources */ = {isa = PBXBuildFile; fileRef = BB10000000000000000000C0 /* MenuItem.swift */; };
		BB10000000000000000000C2 /* MenuItem.swift in Sources */ = {isa = PBXBuildFile; fileRef = BB10000000000000000000C0 /* MenuItem.swift */; };
		BB10000000000000000000D1 /* MenuIndex.swift in Sources */ = {isa = PBXBuildFile; fileRef = BB10000000000000000000D0 /* MenuIndex.swift */; };
		BB10000000000000000000D2 /* MenuIndex.swift in Sources */ = {isa = PBXBuildFile; fileRef = BB10000000000000000000D0 /* MenuIndex.swift */; };
		BB10000000000000000000E1 /* AXMenuIndexer.swift in Sources */ = {isa = PBXBuildFile; fileRef = BB10000000000000000000E0 /* AXMenuIndexer.swift */; };
		BB10000000000000000000E2 /* AXMenuIndexer.swift in Sources */ = {isa = PBXBuildFile; fileRef = BB10000000000000000000E0 /* AXMenuIndexer.swift */; };
		BB10000000000000000000F2 /* MenuBarFixtures.swift in Sources */ = {isa = PBXBuildFile; fileRef = BB10000000000000000000F0 /* MenuBarFixtures.swift */; };
		BC10C0000002000000000001 /* VirtualClock.swift in Sources */ = {isa = PBXBuildFile; fileRef = BC10C0000001000000000001 /* VirtualClock.swift */; };
		D19451ED21D62A80003607D2 /* AXClient.swift in Sources */ = {isa = PBXBuildFile; fileRef = 48CECD301EA4A0BF007BD237 /* AXClient.swift */; };
		D19451F021D78A27003607D2 /* SearchSession.swift in Sources */ = {isa = PBXBuildFile; fileRef = D19451EF21D78A27003607D2 /* SearchSession.swift */; };
		D19503F721F08C730059A7AA /* SearchSession.swift in Sources */ = {isa = PBXBuildFile; fileRef = D19451EF21D78A27003607D2 /* SearchSession.swift */; };
		D88853A8B57E4930827220E8 /* IndexProvider.swift in Sources */ = {isa = PBXBuildFile; fileRef = 6A258BA5DF5F4493AE440F96 /* IndexProvider.swift */; };
		F0FA1A4500000001000FA001 /* FuzzyMatch.swift in Sources */ = {isa = PBXBuildFile; fileRef = F0FA1A4500000000000FA001 /* FuzzyMatch.swift */; };
		F0FA1A4500000002000FA001 /* FuzzyMatch.swift in Sources */ = {isa = PBXBuildFile; fileRef = F0FA1A4500000000000FA001 /* FuzzyMatch.swift */; };
		F0FA1A4500000004000FA001 /* FuzzyMatchTests.swift in Sources */ = {isa = PBXBuildFile; fileRef = F0FA1A4500000003000FA001 /* FuzzyMatchTests.swift */; };
		FA57919B06734D2BBBEBDD96 /* AXMenuIndexerTests.swift in Sources */ = {isa = PBXBuildFile; fileRef = 6F5023C43CA04FF5BE52F0BB /* AXMenuIndexerTests.swift */; };
/* End PBXBuildFile section */

/* Begin PBXContainerItemProxy section */
		48AE1C9F2708296400EF0234 /* PBXContainerItemProxy */ = {
			isa = PBXContainerItemProxy;
			containerPortal = 487835851B3B91E600BC911B /* Project object */;
			proxyType = 1;
			remoteGlobalIDString = 4878358C1B3B91E700BC911B;
			remoteInfo = Menuet;
		};
/* End PBXContainerItemProxy section */

/* Begin PBXFileReference section */
		18356E1DC4F7489CB7A35E9C /* FakeAXApplication.swift */ = {isa = PBXFileReference; lastKnownFileType = sourcecode.swift; path = FakeAXApplication.swift; sourceTree = "<group>"; };
		19CB2B9446B84F94851F9AE1 /* FakeAXClient.swift */ = {isa = PBXFileReference; lastKnownFileType = sourcecode.swift; path = FakeAXClient.swift; sourceTree = "<group>"; };
		35B4849149CA4EB3A1650A95 /* AXMenuWalkerTests.swift */ = {isa = PBXFileReference; lastKnownFileType = sourcecode.swift; path = AXMenuWalkerTests.swift; sourceTree = "<group>"; };
		481490252A6D7A26000F2627 /* SearchPanel.swift */ = {isa = PBXFileReference; lastKnownFileType = sourcecode.swift; path = SearchPanel.swift; sourceTree = "<group>"; };
		481CCC010CCCCCCCCCCC0001 /* CheatsheetPanel.swift */ = {isa = PBXFileReference; lastKnownFileType = sourcecode.swift; path = CheatsheetPanel.swift; sourceTree = "<group>"; };
		481CCC030CCCCCCCCCCC0003 /* CheatsheetView.swift */ = {isa = PBXFileReference; lastKnownFileType = sourcecode.swift; path = CheatsheetView.swift; sourceTree = "<group>"; };
		481CCC050CCCCCCCCCCC0005 /* CheatsheetTests.swift */ = {isa = PBXFileReference; lastKnownFileType = sourcecode.swift; path = CheatsheetTests.swift; sourceTree = "<group>"; };
		481CCC070CCCCCCCCCCC0007 /* PanelChrome.swift */ = {isa = PBXFileReference; lastKnownFileType = sourcecode.swift; path = PanelChrome.swift; sourceTree = "<group>"; };
		481CCC100CCCCCCCCCCC0010 /* IndexProviderTests.swift */ = {isa = PBXFileReference; lastKnownFileType = sourcecode.swift; path = IndexProviderTests.swift; sourceTree = "<group>"; };
		4822C9D02A1733FE00CD843B /* App.swift */ = {isa = PBXFileReference; lastKnownFileType = sourcecode.swift; path = App.swift; sourceTree = "<group>"; };
		482C8A902A6BA7F300A8B5DB /* SettingsView.swift */ = {isa = PBXFileReference; lastKnownFileType = sourcecode.swift; path = SettingsView.swift; sourceTree = "<group>"; };
		4853E21A1F37FA6900D96A08 /* MenuItemCommandTests.swift */ = {isa = PBXFileReference; fileEncoding = 4; lastKnownFileType = sourcecode.swift; path = MenuItemCommandTests.swift; sourceTree = "<group>"; };
		4853E2251F37FFD400D96A08 /* Cocoa.framework */ = {isa = PBXFileReference; lastKnownFileType = wrapper.framework; name = Cocoa.framework; path = System/Library/Frameworks/Cocoa.framework; sourceTree = SDKROOT; };
		4853E2271F38001F00D96A08 /* AppKit.framework */ = {isa = PBXFileReference; lastKnownFileType = wrapper.framework; name = AppKit.framework; path = System/Library/Frameworks/AppKit.framework; sourceTree = SDKROOT; };
		4875779B1B51E7B900339D78 /* AXApplication.swift */ = {isa = PBXFileReference; fileEncoding = 4; lastKnownFileType = sourcecode.swift; path = AXApplication.swift; sourceTree = "<group>"; };
		4878358D1B3B91E700BC911B /* Menuet.app */ = {isa = PBXFileReference; explicitFileType = wrapper.application; includeInIndex = 0; path = Menuet.app; sourceTree = BUILT_PRODUCTS_DIR; };
		487835911B3B91E700BC911B /* Info.plist */ = {isa = PBXFileReference; lastKnownFileType = text.plist.xml; path = Info.plist; sourceTree = "<group>"; };
		487835961B3B91E700BC911B /* Images.xcassets */ = {isa = PBXFileReference; lastKnownFileType = folder.assetcatalog; path = Images.xcassets; sourceTree = "<group>"; };
		4878359F1B3B91E700BC911B /* MenuetTests.xctest */ = {isa = PBXFileReference; explicitFileType = wrapper.cfbundle; includeInIndex = 0; path = MenuetTests.xctest; sourceTree = BUILT_PRODUCTS_DIR; };
		487835A41B3B91E700BC911B /* Info.plist */ = {isa = PBXFileReference; lastKnownFileType = text.plist.xml; path = Info.plist; sourceTree = "<group>"; };
		489EB1732A6C6C30000271CB /* SearchView.swift */ = {isa = PBXFileReference; lastKnownFileType = sourcecode.swift; path = SearchView.swift; sourceTree = "<group>"; };
		48AE1CA327082AEA00EF0234 /* XCTest.framework */ = {isa = PBXFileReference; lastKnownFileType = wrapper.framework; name = XCTest.framework; path = Platforms/MacOSX.platform/Developer/Library/Frameworks/XCTest.framework; sourceTree = DEVELOPER_DIR; };
		48C044D51D23B1DA00F49A94 /* AX.swift */ = {isa = PBXFileReference; fileEncoding = 4; lastKnownFileType = sourcecode.swift; path = AX.swift; sourceTree = "<group>"; };
		48CECD301EA4A0BF007BD237 /* AXClient.swift */ = {isa = PBXFileReference; fileEncoding = 4; lastKnownFileType = sourcecode.swift; path = AXClient.swift; sourceTree = "<group>"; };
		48D557D72B2D7D4300956ABA /* Preferences.swift */ = {isa = PBXFileReference; fileEncoding = 4; lastKnownFileType = sourcecode.swift; path = Preferences.swift; sourceTree = "<group>"; };
		48E24E402711547D0087D9F8 /* increment_build.sh */ = {isa = PBXFileReference; lastKnownFileType = text.script.sh; path = increment_build.sh; sourceTree = "<group>"; };
		48F1B0CD2ADFBA3900E6492E /* Telemetry.swift */ = {isa = PBXFileReference; lastKnownFileType = sourcecode.swift; path = Telemetry.swift; sourceTree = "<group>"; };
		48F1B0CF2ADFBA3900E6492E /* Menuet.xcconfig */ = {isa = PBXFileReference; lastKnownFileType = text.xcconfig; path = Menuet.xcconfig; sourceTree = "<group>"; };
		48F6AF942F9F1E0600400ED8 /* README.md */ = {isa = PBXFileReference; lastKnownFileType = net.daringfireball.markdown; path = README.md; sourceTree = "<group>"; };
		48F9817E25C69C8D00920957 /* Menuet.entitlements */ = {isa = PBXFileReference; lastKnownFileType = text.plist.entitlements; path = Menuet.entitlements; sourceTree = "<group>"; };
		48F9817F25C69C8D00920957 /* MenuetDebug.entitlements */ = {isa = PBXFileReference; lastKnownFileType = text.plist.entitlements; path = MenuetDebug.entitlements; sourceTree = "<group>"; };
		48F9819225D2716800920957 /* AXElement.swift */ = {isa = PBXFileReference; lastKnownFileType = sourcecode.swift; path = AXElement.swift; sourceTree = "<group>"; };
		48F9819625D2733300920957 /* AXMenu.swift */ = {isa = PBXFileReference; lastKnownFileType = sourcecode.swift; path = AXMenu.swift; sourceTree = "<group>"; };
		6A258BA5DF5F4493AE440F96 /* IndexProvider.swift */ = {isa = PBXFileReference; lastKnownFileType = sourcecode.swift; path = IndexProvider.swift; sourceTree = "<group>"; };
		6F5023C43CA04FF5BE52F0BB /* AXMenuIndexerTests.swift */ = {isa = PBXFileReference; lastKnownFileType = sourcecode.swift; path = AXMenuIndexerTests.swift; sourceTree = "<group>"; };
		88769A3377EB4A3E8C9E0411 /* FakeAXElement.swift */ = {isa = PBXFileReference; lastKnownFileType = sourcecode.swift; path = FakeAXElement.swift; sourceTree = "<group>"; };
		AC10C0000001000000000001 /* Clock.swift */ = {isa = PBXFileReference; lastKnownFileType = sourcecode.swift; path = Clock.swift; sourceTree = "<group>"; };
		BB10000000000000000000A0 /* KeyGlyph.swift */ = {isa = PBXFileReference; lastKnownFileType = sourcecode.swift; path = KeyGlyph.swift; sourceTree = "<group>"; };
		BB10000000000000000000B0 /* Modifiers.swift */ = {isa = PBXFileReference; lastKnownFileType = sourcecode.swift; path = Modifiers.swift; sourceTree = "<group>"; };
		BB10000000000000000000C0 /* MenuItem.swift */ = {isa = PBXFileReference; lastKnownFileType = sourcecode.swift; path = MenuItem.swift; sourceTree = "<group>"; };
		BB10000000000000000000D0 /* MenuIndex.swift */ = {isa = PBXFileReference; lastKnownFileType = sourcecode.swift; path = MenuIndex.swift; sourceTree = "<group>"; };
		BB10000000000000000000E0 /* AXMenuIndexer.swift */ = {isa = PBXFileReference; lastKnownFileType = sourcecode.swift; path = AXMenuIndexer.swift; sourceTree = "<group>"; };
		BB10000000000000000000F0 /* MenuBarFixtures.swift */ = {isa = PBXFileReference; lastKnownFileType = sourcecode.swift; path = MenuBarFixtures.swift; sourceTree = "<group>"; };
		BC10C0000001000000000001 /* VirtualClock.swift */ = {isa = PBXFileReference; lastKnownFileType = sourcecode.swift; path = VirtualClock.swift; sourceTree = "<group>"; };
		D19451EF21D78A27003607D2 /* SearchSession.swift */ = {isa = PBXFileReference; lastKnownFileType = sourcecode.swift; path = SearchSession.swift; sourceTree = "<group>"; };
		E5F1BE68D3E244688412BBA3 /* CheatsheetSession.swift */ = {isa = PBXFileReference; lastKnownFileType = sourcecode.swift; path = CheatsheetSession.swift; sourceTree = "<group>"; };
		F0FA1A4500000000000FA001 /* FuzzyMatch.swift */ = {isa = PBXFileReference; lastKnownFileType = sourcecode.swift; path = FuzzyMatch.swift; sourceTree = "<group>"; };
		F0FA1A4500000003000FA001 /* FuzzyMatchTests.swift */ = {isa = PBXFileReference; lastKnownFileType = sourcecode.swift; path = FuzzyMatchTests.swift; sourceTree = "<group>"; };
/* End PBXFileReference section */

/* Begin PBXFileSystemSynchronizedRootGroup section */
		48F6AF6B2F9DBEAD00400ED8 /* .claude */ = {isa = PBXFileSystemSynchronizedRootGroup; explicitFileTypes = {}; explicitFolders = (); path = .claude; sourceTree = "<group>"; };
/* End PBXFileSystemSynchronizedRootGroup section */

/* Begin PBXFrameworksBuildPhase section */
		4878358A1B3B91E700BC911B /* Frameworks */ = {
			isa = PBXFrameworksBuildPhase;
			buildActionMask = 2147483647;
			files = (
				48F1B0C92ADFBA3900E6492E /* KeyboardShortcuts in Frameworks */,
				48F1B0CB2ADFBA3900E6492E /* Sentry in Frameworks */,
			);
			runOnlyForDeploymentPostprocessing = 0;
		};
		4878359C1B3B91E700BC911B /* Frameworks */ = {
			isa = PBXFrameworksBuildPhase;
			buildActionMask = 2147483647;
			files = (
			);
			runOnlyForDeploymentPostprocessing = 0;
		};
/* End PBXFrameworksBuildPhase section */

/* Begin PBXGroup section */
		486B29E81B3BC617002DAE0B /* Frameworks */ = {
			isa = PBXGroup;
			children = (
				48AE1CA327082AEA00EF0234 /* XCTest.framework */,
				4853E2271F38001F00D96A08 /* AppKit.framework */,
				4853E2251F37FFD400D96A08 /* Cocoa.framework */,
			);
			name = Frameworks;
			sourceTree = "<group>";
		};
		487835841B3B91E600BC911B = {
			isa = PBXGroup;
			children = (
				48F6AF6B2F9DBEAD00400ED8 /* .claude */,
				48E24E3F271154470087D9F8 /* Scripts */,
				48F9817D25C69C8D00920957 /* Entitlements */,
				4878358F1B3B91E700BC911B /* Source */,
				487835A21B3B91E700BC911B /* Tests */,
				4878358E1B3B91E700BC911B /* Products */,
				486B29E81B3BC617002DAE0B /* Frameworks */,
				48F6AF942F9F1E0600400ED8 /* README.md */,
				48F1B0CF2ADFBA3900E6492E /* Menuet.xcconfig */,
			);
			sourceTree = "<group>";
		};
		4878358E1B3B91E700BC911B /* Products */ = {
			isa = PBXGroup;
			children = (
				4878358D1B3B91E700BC911B /* Menuet.app */,
				4878359F1B3B91E700BC911B /* MenuetTests.xctest */,
			);
			name = Products;
			sourceTree = "<group>";
		};
		4878358F1B3B91E700BC911B /* Source */ = {
			isa = PBXGroup;
			children = (
				4822C9D02A1733FE00CD843B /* App.swift */,
				48C044D51D23B1DA00F49A94 /* AX.swift */,
				4875779B1B51E7B900339D78 /* AXApplication.swift */,
				48CECD301EA4A0BF007BD237 /* AXClient.swift */,
				48F9819225D2716800920957 /* AXElement.swift */,
				48F9819625D2733300920957 /* AXMenu.swift */,
				BB10000000000000000000E0 /* AXMenuIndexer.swift */,
				481CCC010CCCCCCCCCCC0001 /* CheatsheetPanel.swift */,
				E5F1BE68D3E244688412BBA3 /* CheatsheetSession.swift */,
				481CCC030CCCCCCCCCCC0003 /* CheatsheetView.swift */,
				AC10C0000001000000000001 /* Clock.swift */,
				F0FA1A4500000000000FA001 /* FuzzyMatch.swift */,
				6A258BA5DF5F4493AE440F96 /* IndexProvider.swift */,
				BB10000000000000000000A0 /* KeyGlyph.swift */,
				BB10000000000000000000D0 /* MenuIndex.swift */,
				BB10000000000000000000C0 /* MenuItem.swift */,
				BB10000000000000000000B0 /* Modifiers.swift */,
				481CCC070CCCCCCCCCCC0007 /* PanelChrome.swift */,
				48D557D72B2D7D4300956ABA /* Preferences.swift */,
				481490252A6D7A26000F2627 /* SearchPanel.swift */,
				D19451EF21D78A27003607D2 /* SearchSession.swift */,
				489EB1732A6C6C30000271CB /* SearchView.swift */,
				482C8A902A6BA7F300A8B5DB /* SettingsView.swift */,
				48F1B0CD2ADFBA3900E6492E /* Telemetry.swift */,
				487835901B3B91E700BC911B /* Supporting Files */,
			);
			path = Source;
			sourceTree = "<group>";
		};
		487835901B3B91E700BC911B /* Supporting Files */ = {
			isa = PBXGroup;
			children = (
				487835911B3B91E700BC911B /* Info.plist */,
				487835961B3B91E700BC911B /* Images.xcassets */,
			);
			name = "Supporting Files";
			sourceTree = "<group>";
		};
		487835A21B3B91E700BC911B /* Tests */ = {
			isa = PBXGroup;
			children = (
				6F5023C43CA04FF5BE52F0BB /* AXMenuIndexerTests.swift */,
				35B4849149CA4EB3A1650A95 /* AXMenuWalkerTests.swift */,
				481CCC050CCCCCCCCCCC0005 /* CheatsheetTests.swift */,
				18356E1DC4F7489CB7A35E9C /* FakeAXApplication.swift */,
				19CB2B9446B84F94851F9AE1 /* FakeAXClient.swift */,
				88769A3377EB4A3E8C9E0411 /* FakeAXElement.swift */,
				F0FA1A4500000003000FA001 /* FuzzyMatchTests.swift */,
				481CCC100CCCCCCCCCCC0010 /* IndexProviderTests.swift */,
				BB10000000000000000000F0 /* MenuBarFixtures.swift */,
				4853E21A1F37FA6900D96A08 /* MenuItemCommandTests.swift */,
				BC10C0000001000000000001 /* VirtualClock.swift */,
				487835A31B3B91E700BC911B /* Supporting Files */,
			);
			path = Tests;
			sourceTree = "<group>";
		};
		487835A31B3B91E700BC911B /* Supporting Files */ = {
			isa = PBXGroup;
			children = (
				487835A41B3B91E700BC911B /* Info.plist */,
			);
			name = "Supporting Files";
			sourceTree = "<group>";
		};
		48E24E3F271154470087D9F8 /* Scripts */ = {
			isa = PBXGroup;
			children = (
				48E24E402711547D0087D9F8 /* increment_build.sh */,
			);
			path = Scripts;
			sourceTree = "<group>";
		};
		48F9817D25C69C8D00920957 /* Entitlements */ = {
			isa = PBXGroup;
			children = (
				48F9817E25C69C8D00920957 /* Menuet.entitlements */,
				48F9817F25C69C8D00920957 /* MenuetDebug.entitlements */,
			);
			path = Entitlements;
			sourceTree = "<group>";
		};
/* End PBXGroup section */

/* Begin PBXNativeTarget section */
		4878358C1B3B91E700BC911B /* Menuet */ = {
			isa = PBXNativeTarget;
			buildConfigurationList = 487835A91B3B91E700BC911B /* Build configuration list for PBXNativeTarget "Menuet" */;
			buildPhases = (
				487835891B3B91E700BC911B /* Sources */,
				4878358A1B3B91E700BC911B /* Frameworks */,
				4878358B1B3B91E700BC911B /* Resources */,
				48E24E3E271151030087D9F8 /* Increment Build Number */,
			);
			buildRules = (
			);
			dependencies = (
			);
			name = Menuet;
			packageProductDependencies = (
				48F1B0C82ADFBA3900E6492E /* KeyboardShortcuts */,
				48F1B0CA2ADFBA3900E6492E /* Sentry */,
			);
			productName = Menuet;
			productReference = 4878358D1B3B91E700BC911B /* Menuet.app */;
			productType = "com.apple.product-type.application";
		};
		4878359E1B3B91E700BC911B /* MenuetTests */ = {
			isa = PBXNativeTarget;
			buildConfigurationList = 487835AC1B3B91E700BC911B /* Build configuration list for PBXNativeTarget "MenuetTests" */;
			buildPhases = (
				4878359B1B3B91E700BC911B /* Sources */,
				4878359C1B3B91E700BC911B /* Frameworks */,
				4878359D1B3B91E700BC911B /* Resources */,
			);
			buildRules = (
			);
			dependencies = (
				48AE1CA02708296400EF0234 /* PBXTargetDependency */,
			);
			name = MenuetTests;
			productName = MenuetTests;
			productReference = 4878359F1B3B91E700BC911B /* MenuetTests.xctest */;
			productType = "com.apple.product-type.bundle.unit-test";
		};
/* End PBXNativeTarget section */

/* Begin PBXProject section */
		487835851B3B91E600BC911B /* Project object */ = {
			isa = PBXProject;
			attributes = {
				BuildIndependentTargetsInParallel = YES;
				LastSwiftUpdateCheck = 0700;
				LastUpgradeCheck = 2640;
				ORGANIZATIONNAME = Codjax;
				TargetAttributes = {
					4878358C1B3B91E700BC911B = {
						CreatedOnToolsVersion = 6.3.2;
						DevelopmentTeam = YOUR_TEAM_ID;
						LastSwiftMigration = 1020;
						ProvisioningStyle = Automatic;
					};
					4878359E1B3B91E700BC911B = {
						CreatedOnToolsVersion = 6.3.2;
						LastSwiftMigration = 1020;
						TestTargetID = 4878358C1B3B91E700BC911B;
					};
				};
			};
			buildConfigurationList = 487835881B3B91E600BC911B /* Build configuration list for PBXProject "Menuet" */;
			compatibilityVersion = "Xcode 6.3";
			developmentRegion = en;
			hasScannedForEncodings = 0;
			knownRegions = (
				en,
				Base,
			);
			mainGroup = 487835841B3B91E600BC911B;
			packageReferences = (
				48F1B0C72ADFBA3900E6492E /* XCRemoteSwiftPackageReference "KeyboardShortcuts" */,
				48F1B0CC2ADFBA3900E6492E /* XCRemoteSwiftPackageReference "sentry-cocoa" */,
			);
			productRefGroup = 4878358E1B3B91E700BC911B /* Products */;
			projectDirPath = "";
			projectRoot = "";
			targets = (
				4878358C1B3B91E700BC911B /* Menuet */,
				4878359E1B3B91E700BC911B /* MenuetTests */,
			);
		};
/* End PBXProject section */

/* Begin PBXResourcesBuildPhase section */
		4878358B1B3B91E700BC911B /* Resources */ = {
			isa = PBXResourcesBuildPhase;
			buildActionMask = 2147483647;
			files = (
				487835971B3B91E700BC911B /* Images.xcassets in Resources */,
			);
			runOnlyForDeploymentPostprocessing = 0;
		};
		4878359D1B3B91E700BC911B /* Resources */ = {
			isa = PBXResourcesBuildPhase;
			buildActionMask = 2147483647;
			files = (
			);
			runOnlyForDeploymentPostprocessing = 0;
		};
/* End PBXResourcesBuildPhase section */

/* Begin PBXShellScriptBuildPhase section */
		48E24E3E271151030087D9F8 /* Increment Build Number */ = {
			isa = PBXShellScriptBuildPhase;
			alwaysOutOfDate = 1;
			buildActionMask = 8;
			files = (
			);
			inputFileListPaths = (
			);
			inputPaths = (
			);
			name = "Increment Build Number";
			outputFileListPaths = (
			);
			outputPaths = (
			);
			runOnlyForDeploymentPostprocessing = 1;
			shellPath = /bin/sh;
			shellScript = "${PROJECT_DIR}/Scripts/increment_build.sh \"${PROJECT_DIR}/${INFOPLIST_FILE}\"\n";
		};
/* End PBXShellScriptBuildPhase section */

/* Begin PBXSourcesBuildPhase section */
		487835891B3B91E700BC911B /* Sources */ = {
			isa = PBXSourcesBuildPhase;
			buildActionMask = 2147483647;
			files = (
				481490262A6D7A26000F2627 /* SearchPanel.swift in Sources */,
				481CCC020CCCCCCCCCCC0002 /* CheatsheetPanel.swift in Sources */,
				481CCC040CCCCCCCCCCC0004 /* CheatsheetView.swift in Sources */,
				481CCC080CCCCCCCCCCC0008 /* PanelChrome.swift in Sources */,
				48C044D61D23B1DA00F49A94 /* AX.swift in Sources */,
				4875779C1B51E7B900339D78 /* AXApplication.swift in Sources */,
				48CECD311EA4A0BF007BD237 /* AXClient.swift in Sources */,
				AC10C0000002000000000001 /* Clock.swift in Sources */,
				4822C9D12A1733FE00CD843B /* App.swift in Sources */,
				BB10000000000000000000A1 /* KeyGlyph.swift in Sources */,
				BB10000000000000000000B1 /* Modifiers.swift in Sources */,
				BB10000000000000000000C1 /* MenuItem.swift in Sources */,
				BB10000000000000000000D1 /* MenuIndex.swift in Sources */,
				BB10000000000000000000E1 /* AXMenuIndexer.swift in Sources */,
				D19451F021D78A27003607D2 /* SearchSession.swift in Sources */,
				D88853A8B57E4930827220E8 /* IndexProvider.swift in Sources */,
				6375ED7C280E4AB2B0C5C3C9 /* CheatsheetSession.swift in Sources */,
				48D557D82B2D7D4300956ABA /* Preferences.swift in Sources */,
				F0FA1A4500000001000FA001 /* FuzzyMatch.swift in Sources */,
				489EB1742A6C6C30000271CB /* SearchView.swift in Sources */,
				48F9819325D2716800920957 /* AXElement.swift in Sources */,
				48F9819725D2733300920957 /* AXMenu.swift in Sources */,
				482C8A912A6BA7F300A8B5DB /* SettingsView.swift in Sources */,
				48F1B0CE2ADFBA3900E6492E /* Telemetry.swift in Sources */,
			);
			runOnlyForDeploymentPostprocessing = 0;
		};
		4878359B1B3B91E700BC911B /* Sources */ = {
			isa = PBXSourcesBuildPhase;
			buildActionMask = 2147483647;
			files = (
				48AE1CA227082A2300EF0234 /* AXMenu.swift in Sources */,
				48AE1CA1270829F500EF0234 /* AXElement.swift in Sources */,
				D19503F721F08C730059A7AA /* SearchSession.swift in Sources */,
				11490736946B40F0B124B979 /* IndexProvider.swift in Sources */,
				8D3ED5DD08AB461BB50AC966 /* CheatsheetSession.swift in Sources */,
				4853E21F1F37FC6E00D96A08 /* AX.swift in Sources */,
				4853E2211F37FC6E00D96A08 /* AXApplication.swift in Sources */,
				D19451ED21D62A80003607D2 /* AXClient.swift in Sources */,
				AC10C0000003000000000001 /* Clock.swift in Sources */,
				BC10C0000002000000000001 /* VirtualClock.swift in Sources */,
				BB10000000000000000000A2 /* KeyGlyph.swift in Sources */,
				BB10000000000000000000B2 /* Modifiers.swift in Sources */,
				BB10000000000000000000C2 /* MenuItem.swift in Sources */,
				BB10000000000000000000D2 /* MenuIndex.swift in Sources */,
				BB10000000000000000000E2 /* AXMenuIndexer.swift in Sources */,
				F0FA1A4500000002000FA001 /* FuzzyMatch.swift in Sources */,
				48D557D92B2D7D4300956ABA /* Preferences.swift in Sources */,
				F0FA1A4500000004000FA001 /* FuzzyMatchTests.swift in Sources */,
				4853E21B1F37FA6900D96A08 /* MenuItemCommandTests.swift in Sources */,
				715E07FDD7D34E48A0A53271 /* FakeAXElement.swift in Sources */,
				2C883B5A332545F78CFD0CEF /* FakeAXApplication.swift in Sources */,
				B1A4DE3555B64713B756BDAD /* FakeAXClient.swift in Sources */,
				2B60469A65B3451E92B04495 /* AXMenuWalkerTests.swift in Sources */,
				FA57919B06734D2BBBEBDD96 /* AXMenuIndexerTests.swift in Sources */,
				481CCC060CCCCCCCCCCC0006 /* CheatsheetTests.swift in Sources */,
				481CCC110CCCCCCCCCCC0011 /* IndexProviderTests.swift in Sources */,
				BB10000000000000000000F2 /* MenuBarFixtures.swift in Sources */,
			);
			runOnlyForDeploymentPostprocessing = 0;
		};
/* End PBXSourcesBuildPhase section */

/* Begin PBXTargetDependency section */
		48AE1CA02708296400EF0234 /* PBXTargetDependency */ = {
			isa = PBXTargetDependency;
			target = 4878358C1B3B91E700BC911B /* Menuet */;
			targetProxy = 48AE1C9F2708296400EF0234 /* PBXContainerItemProxy */;
		};
/* End PBXTargetDependency section */

/* Begin XCBuildConfiguration section */
		487835A71B3B91E700BC911B /* Debug */ = {
			isa = XCBuildConfiguration;
			buildSettings = {
				ALWAYS_SEARCH_USER_PATHS = NO;
				ASSETCATALOG_COMPILER_GENERATE_SWIFT_ASSET_SYMBOL_EXTENSIONS = YES;
				CLANG_ANALYZER_LOCALIZABILITY_NONLOCALIZED = YES;
				CLANG_CXX_LANGUAGE_STANDARD = "gnu++0x";
				CLANG_CXX_LIBRARY = "libc++";
				CLANG_ENABLE_MODULES = YES;
				CLANG_ENABLE_OBJC_ARC = YES;
				CLANG_WARN_BLOCK_CAPTURE_AUTORELEASING = YES;
				CLANG_WARN_BOOL_CONVERSION = YES;
				CLANG_WARN_COMMA = YES;
				CLANG_WARN_CONSTANT_CONVERSION = YES;
				CLANG_WARN_DEPRECATED_OBJC_IMPLEMENTATIONS = YES;
				CLANG_WARN_DIRECT_OBJC_ISA_USAGE = YES_ERROR;
				CLANG_WARN_EMPTY_BODY = YES;
				CLANG_WARN_ENUM_CONVERSION = YES;
				CLANG_WARN_INFINITE_RECURSION = YES;
				CLANG_WARN_INT_CONVERSION = YES;
				CLANG_WARN_NON_LITERAL_NULL_CONVERSION = YES;
				CLANG_WARN_OBJC_IMPLICIT_RETAIN_SELF = YES;
				CLANG_WARN_OBJC_LITERAL_CONVERSION = YES;
				CLANG_WARN_OBJC_ROOT_CLASS = YES_ERROR;
				CLANG_WARN_QUOTED_INCLUDE_IN_FRAMEWORK_HEADER = YES;
				CLANG_WARN_RANGE_LOOP_ANALYSIS = YES;
				CLANG_WARN_STRICT_PROTOTYPES = YES;
				CLANG_WARN_SUSPICIOUS_MOVE = YES;
				CLANG_WARN_UNREACHABLE_CODE = YES;
				CLANG_WARN__DUPLICATE_METHOD_MATCH = YES;
				CODE_SIGN_IDENTITY = "-";
				COPY_PHASE_STRIP = NO;
				DEAD_CODE_STRIPPING = YES;
				DEBUG_INFORMATION_FORMAT = dwarf;
				ENABLE_STRICT_OBJC_MSGSEND = YES;
				ENABLE_TESTABILITY = YES;
				ENABLE_USER_SCRIPT_SANDBOXING = NO;
				GCC_C_LANGUAGE_STANDARD = gnu99;
				GCC_DYNAMIC_NO_PIC = NO;
				GCC_NO_COMMON_BLOCKS = YES;
				GCC_OPTIMIZATION_LEVEL = 0;
				GCC_PREPROCESSOR_DEFINITIONS = (
					"DEBUG=1",
					"$(inherited)",
				);
				GCC_SYMBOLS_PRIVATE_EXTERN = NO;
				GCC_WARN_64_TO_32_BIT_CONVERSION = YES;
				GCC_WARN_ABOUT_RETURN_TYPE = YES_ERROR;
				GCC_WARN_UNDECLARED_SELECTOR = YES;
				GCC_WARN_UNINITIALIZED_AUTOS = YES_AGGRESSIVE;
				GCC_WARN_UNUSED_FUNCTION = YES;
				GCC_WARN_UNUSED_VARIABLE = YES;
				MACOSX_DEPLOYMENT_TARGET = 14.0;
				MTL_ENABLE_DEBUG_INFO = YES;
				ONLY_ACTIVE_ARCH = YES;
				PRODUCT_BUNDLE_IDENTIFIER = app.menuet;
				PRODUCT_NAME = Menuet;
				SDKROOT = macosx;
				STRING_CATALOG_GENERATE_SYMBOLS = YES;
				SWIFT_ACTIVE_COMPILATION_CONDITIONS = DEBUG;
				SWIFT_OPTIMIZATION_LEVEL = "-Onone";
				SWIFT_STRICT_CONCURRENCY = complete;
				SWIFT_VERSION = 6.0;
			};
			name = Debug;
		};
		487835A81B3B91E700BC911B /* Release */ = {
			isa = XCBuildConfiguration;
			buildSettings = {
				ALWAYS_SEARCH_USER_PATHS = NO;
				ASSETCATALOG_COMPILER_GENERATE_SWIFT_ASSET_SYMBOL_EXTENSIONS = YES;
				CLANG_ANALYZER_LOCALIZABILITY_NONLOCALIZED = YES;
				CLANG_CXX_LANGUAGE_STANDARD = "gnu++0x";
				CLANG_CXX_LIBRARY = "libc++";
				CLANG_ENABLE_MODULES = YES;
				CLANG_ENABLE_OBJC_ARC = YES;
				CLANG_WARN_BLOCK_CAPTURE_AUTORELEASING = YES;
				CLANG_WARN_BOOL_CONVERSION = YES;
				CLANG_WARN_COMMA = YES;
				CLANG_WARN_CONSTANT_CONVERSION = YES;
				CLANG_WARN_DEPRECATED_OBJC_IMPLEMENTATIONS = YES;
				CLANG_WARN_DIRECT_OBJC_ISA_USAGE = YES_ERROR;
				CLANG_WARN_EMPTY_BODY = YES;
				CLANG_WARN_ENUM_CONVERSION = YES;
				CLANG_WARN_INFINITE_RECURSION = YES;
				CLANG_WARN_INT_CONVERSION = YES;
				CLANG_WARN_NON_LITERAL_NULL_CONVERSION = YES;
				CLANG_WARN_OBJC_IMPLICIT_RETAIN_SELF = YES;
				CLANG_WARN_OBJC_LITERAL_CONVERSION = YES;
				CLANG_WARN_OBJC_ROOT_CLASS = YES_ERROR;
				CLANG_WARN_QUOTED_INCLUDE_IN_FRAMEWORK_HEADER = YES;
				CLANG_WARN_RANGE_LOOP_ANALYSIS = YES;
				CLANG_WARN_STRICT_PROTOTYPES = YES;
				CLANG_WARN_SUSPICIOUS_MOVE = YES;
				CLANG_WARN_UNREACHABLE_CODE = YES;
				CLANG_WARN__DUPLICATE_METHOD_MATCH = YES;
				CODE_SIGN_IDENTITY = "-";
				COPY_PHASE_STRIP = NO;
				DEAD_CODE_STRIPPING = YES;
				DEBUG_INFORMATION_FORMAT = "dwarf-with-dsym";
				ENABLE_NS_ASSERTIONS = NO;
				ENABLE_STRICT_OBJC_MSGSEND = YES;
				ENABLE_USER_SCRIPT_SANDBOXING = NO;
				GCC_C_LANGUAGE_STANDARD = gnu99;
				GCC_NO_COMMON_BLOCKS = YES;
				GCC_WARN_64_TO_32_BIT_CONVERSION = YES;
				GCC_WARN_ABOUT_RETURN_TYPE = YES_ERROR;
				GCC_WARN_UNDECLARED_SELECTOR = YES;
				GCC_WARN_UNINITIALIZED_AUTOS = YES_AGGRESSIVE;
				GCC_WARN_UNUSED_FUNCTION = YES;
				GCC_WARN_UNUSED_VARIABLE = YES;
				MACOSX_DEPLOYMENT_TARGET = 14.0;
				MTL_ENABLE_DEBUG_INFO = NO;
				PRODUCT_BUNDLE_IDENTIFIER = app.menuet;
				PRODUCT_NAME = Menuet;
				SDKROOT = macosx;
				STRING_CATALOG_GENERATE_SYMBOLS = YES;
				SWIFT_ACTIVE_COMPILATION_CONDITIONS = "";
				SWIFT_STRICT_CONCURRENCY = complete;
				SWIFT_VERSION = 6.0;
			};
			name = Release;
		};
		487835AA1B3B91E700BC911B /* Debug */ = {
			isa = XCBuildConfiguration;
			baseConfigurationReference = 48F1B0CF2ADFBA3900E6492E /* Menuet.xcconfig */;
			buildSettings = {
				ASSETCATALOG_COMPILER_APPICON_NAME = AppIcon;
				ASSETCATALOG_COMPILER_INCLUDE_ALL_APPICON_ASSETS = NO;
				CODE_SIGN_ENTITLEMENTS = Entitlements/MenuetDebug.entitlements;
				CODE_SIGN_IDENTITY = "Apple Development";
				CODE_SIGN_STYLE = Automatic;
				COMBINE_HIDPI_IMAGES = YES;
				DEAD_CODE_STRIPPING = YES;
				DEVELOPMENT_TEAM = YOUR_TEAM_ID;
				ENABLE_HARDENED_RUNTIME = YES;
				INFOPLIST_FILE = Source/Info.plist;
				IPHONEOS_DEPLOYMENT_TARGET = "";
				LD_RUNPATH_SEARCH_PATHS = (
					"$(inherited)",
					"@executable_path/../Frameworks",
				);
				MARKETING_VERSION = 1.1;
				PRODUCT_BUNDLE_IDENTIFIER = app.menuet;
				PRODUCT_NAME = "$(TARGET_NAME)";
				PROVISIONING_PROFILE_SPECIFIER = "";
				SWIFT_ACTIVE_COMPILATION_CONDITIONS = DEBUG;
				SWIFT_INSTALL_OBJC_HEADER = NO;
				SWIFT_PRECOMPILE_BRIDGING_HEADER = NO;
				SWIFT_STRICT_CONCURRENCY = complete;
				SWIFT_VERSION = 6.0;
				TVOS_DEPLOYMENT_TARGET = "";
				WATCHOS_DEPLOYMENT_TARGET = "";
			};
			name = Debug;
		};
		487835AB1B3B91E700BC911B /* Release */ = {
			isa = XCBuildConfiguration;
			baseConfigurationReference = 48F1B0CF2ADFBA3900E6492E /* Menuet.xcconfig */;
			buildSettings = {
				ASSETCATALOG_COMPILER_APPICON_NAME = AppIcon;
				ASSETCATALOG_COMPILER_INCLUDE_ALL_APPICON_ASSETS = NO;
				CODE_SIGN_ENTITLEMENTS = Entitlements/Menuet.entitlements;
				CODE_SIGN_IDENTITY = "Apple Development";
				CODE_SIGN_STYLE = Automatic;
				COMBINE_HIDPI_IMAGES = YES;
				DEAD_CODE_STRIPPING = YES;
				DEVELOPMENT_TEAM = YOUR_TEAM_ID;
				ENABLE_HARDENED_RUNTIME = YES;
				INFOPLIST_FILE = Source/Info.plist;
				IPHONEOS_DEPLOYMENT_TARGET = "";
				LD_RUNPATH_SEARCH_PATHS = (
					"$(inherited)",
					"@executable_path/../Frameworks",
				);
				MARKETING_VERSION = 1.1;
				PRODUCT_BUNDLE_IDENTIFIER = app.menuet;
				PRODUCT_NAME = "$(TARGET_NAME)";
				PROVISIONING_PROFILE_SPECIFIER = "";
				SWIFT_ACTIVE_COMPILATION_CONDITIONS = "";
				SWIFT_COMPILATION_MODE = wholemodule;
				SWIFT_INSTALL_OBJC_HEADER = NO;
				SWIFT_OPTIMIZATION_LEVEL = "-O";
				SWIFT_PRECOMPILE_BRIDGING_HEADER = NO;
				SWIFT_STRICT_CONCURRENCY = complete;
				SWIFT_VERSION = 6.0;
				TVOS_DEPLOYMENT_TARGET = "";
				WATCHOS_DEPLOYMENT_TARGET = "";
			};
			name = Release;
		};
		487835AD1B3B91E700BC911B /* Debug */ = {
			isa = XCBuildConfiguration;
			buildSettings = {
				BUNDLE_LOADER = "$(TEST_HOST)";
				CODE_SIGN_IDENTITY = "Apple Development";
				CODE_SIGN_STYLE = Automatic;
				COMBINE_HIDPI_IMAGES = YES;
				DEAD_CODE_STRIPPING = YES;
				DEVELOPMENT_TEAM = YOUR_TEAM_ID;
				EXCLUDED_SOURCE_FILE_NAMES = "*.xcplaygroundpage";
				FRAMEWORK_SEARCH_PATHS = (
					"$(DEVELOPER_FRAMEWORKS_DIR)",
					"$(inherited)",
				);
				GCC_PREPROCESSOR_DEFINITIONS = (
					"DEBUG=1",
					"$(inherited)",
				);
				INFOPLIST_FILE = Tests/Info.plist;
				IPHONEOS_DEPLOYMENT_TARGET = "";
				LD_RUNPATH_SEARCH_PATHS = (
					"$(inherited)",
					"@executable_path/../Frameworks",
					"@loader_path/../Frameworks",
				);
				MF_MAKE_PROCESS_TRUSTED = NO;
				"MF_MAKE_PROCESS_TRUSTED[arch=*]" = NO;
				PRODUCT_BUNDLE_IDENTIFIER = "com.codjax.$(PRODUCT_NAME:rfc1034identifier)";
				PRODUCT_NAME = "$(TARGET_NAME)";
				PROVISIONING_PROFILE_SPECIFIER = "";
				SWIFT_ACTIVE_COMPILATION_CONDITIONS = DEBUG;
				SWIFT_INSTALL_OBJC_HEADER = NO;
				SWIFT_STRICT_CONCURRENCY = complete;
				SWIFT_VERSION = 6.0;
				TEST_HOST = "$(BUILT_PRODUCTS_DIR)/Menuet.app/$(BUNDLE_EXECUTABLE_FOLDER_PATH)/Menuet";
				TVOS_DEPLOYMENT_TARGET = "";
				WATCHOS_DEPLOYMENT_TARGET = "";
			};
			name = Debug;
		};
		487835AE1B3B91E700BC911B /* Release */ = {
			isa = XCBuildConfiguration;
			buildSettings = {
				BUNDLE_LOADER = "$(TEST_HOST)";
				CODE_SIGN_IDENTITY = "Apple Development";
				CODE_SIGN_STYLE = Automatic;
				COMBINE_HIDPI_IMAGES = YES;
				DEAD_CODE_STRIPPING = YES;
				DEVELOPMENT_TEAM = YOUR_TEAM_ID;
				EXCLUDED_SOURCE_FILE_NAMES = "*.xcplaygroundpage";
				FRAMEWORK_SEARCH_PATHS = (
					"$(DEVELOPER_FRAMEWORKS_DIR)",
					"$(inherited)",
				);
				INFOPLIST_FILE = Tests/Info.plist;
				IPHONEOS_DEPLOYMENT_TARGET = "";
				LD_RUNPATH_SEARCH_PATHS = (
					"$(inherited)",
					"@executable_path/../Frameworks",
					"@loader_path/../Frameworks",
				);
				MF_MAKE_PROCESS_TRUSTED = NO;
				"MF_MAKE_PROCESS_TRUSTED[arch=*]" = NO;
				PRODUCT_BUNDLE_IDENTIFIER = "com.codjax.$(PRODUCT_NAME:rfc1034identifier)";
				PRODUCT_NAME = "$(TARGET_NAME)";
				PROVISIONING_PROFILE_SPECIFIER = "";
				SWIFT_ACTIVE_COMPILATION_CONDITIONS = "";
				SWIFT_COMPILATION_MODE = wholemodule;
				SWIFT_INSTALL_OBJC_HEADER = NO;
				SWIFT_OPTIMIZATION_LEVEL = "-O";
				SWIFT_STRICT_CONCURRENCY = complete;
				SWIFT_VERSION = 6.0;
				TEST_HOST = "$(BUILT_PRODUCTS_DIR)/Menuet.app/$(BUNDLE_EXECUTABLE_FOLDER_PATH)/Menuet";
				TVOS_DEPLOYMENT_TARGET = "";
				WATCHOS_DEPLOYMENT_TARGET = "";
			};
			name = Release;
		};
/* End XCBuildConfiguration section */

/* Begin XCConfigurationList section */
		487835881B3B91E600BC911B /* Build configuration list for PBXProject "Menuet" */ = {
			isa = XCConfigurationList;
			buildConfigurations = (
				487835A71B3B91E700BC911B /* Debug */,
				487835A81B3B91E700BC911B /* Release */,
			);
			defaultConfigurationIsVisible = 0;
			defaultConfigurationName = Release;
		};
		487835A91B3B91E700BC911B /* Build configuration list for PBXNativeTarget "Menuet" */ = {
			isa = XCConfigurationList;
			buildConfigurations = (
				487835AA1B3B91E700BC911B /* Debug */,
				487835AB1B3B91E700BC911B /* Release */,
			);
			defaultConfigurationIsVisible = 0;
			defaultConfigurationName = Release;
		};
		487835AC1B3B91E700BC911B /* Build configuration list for PBXNativeTarget "MenuetTests" */ = {
			isa = XCConfigurationList;
			buildConfigurations = (
				487835AD1B3B91E700BC911B /* Debug */,
				487835AE1B3B91E700BC911B /* Release */,
			);
			defaultConfigurationIsVisible = 0;
			defaultConfigurationName = Release;
		};
/* End XCConfigurationList section */

/* Begin XCRemoteSwiftPackageReference section */
		48F1B0C72ADFBA3900E6492E /* XCRemoteSwiftPackageReference "KeyboardShortcuts" */ = {
			isa = XCRemoteSwiftPackageReference;
			repositoryURL = "https://github.com/sindresorhus/KeyboardShortcuts";
			requirement = {
				kind = upToNextMajorVersion;
				minimumVersion = 2.4.0;
			};
		};
		48F1B0CC2ADFBA3900E6492E /* XCRemoteSwiftPackageReference "sentry-cocoa" */ = {
			isa = XCRemoteSwiftPackageReference;
			repositoryURL = "https://github.com/getsentry/sentry-cocoa";
			requirement = {
				kind = upToNextMajorVersion;
				minimumVersion = 9.12.1;
			};
		};
/* End XCRemoteSwiftPackageReference section */

/* Begin XCSwiftPackageProductDependency section */
		48F1B0C82ADFBA3900E6492E /* KeyboardShortcuts */ = {
			isa = XCSwiftPackageProductDependency;
			package = 48F1B0C72ADFBA3900E6492E /* XCRemoteSwiftPackageReference "KeyboardShortcuts" */;
			productName = KeyboardShortcuts;
		};
		48F1B0CA2ADFBA3900E6492E /* Sentry */ = {
			isa = XCSwiftPackageProductDependency;
			package = 48F1B0CC2ADFBA3900E6492E /* XCRemoteSwiftPackageReference "sentry-cocoa" */;
			productName = Sentry;
		};
/* End XCSwiftPackageProductDependency section */
	};
	rootObject = 487835851B3B91E600BC911B /* Project object */;
}
